// !$*UTF8*$!
{
	archiveVersion = 1;
	classes = {
	};
	objectVersion = 55;
	objects = {

/* Begin PBXBuildFile section */
		29AF64A1B4A4203C3BA9A277 /* Pods_booksta.framework in Frameworks */ = {isa = PBXBuildFile; fileRef = 17584B70769625452ABB2174 /* Pods_booksta.framework */; };
		7204037D285BEE2C0022F6E1 /* AddPostView.swift in Sources */ = {isa = PBXBuildFile; fileRef = 7204037C285BEE2C0022F6E1 /* AddPostView.swift */; };
		7204037F285BFD130022F6E1 /* AddPostViewModel.swift in Sources */ = {isa = PBXBuildFile; fileRef = 7204037E285BFD130022F6E1 /* AddPostViewModel.swift */; };
		72040381285C085B0022F6E1 /* PostService.swift in Sources */ = {isa = PBXBuildFile; fileRef = 72040380285C085B0022F6E1 /* PostService.swift */; };
		72040385285C510E0022F6E1 /* PostView.swift in Sources */ = {isa = PBXBuildFile; fileRef = 72040384285C510E0022F6E1 /* PostView.swift */; };
		72040387285C51200022F6E1 /* PostModel.swift in Sources */ = {isa = PBXBuildFile; fileRef = 72040386285C51200022F6E1 /* PostModel.swift */; };
		72040389285C53130022F6E1 /* FeedViewModel.swift in Sources */ = {isa = PBXBuildFile; fileRef = 72040388285C53130022F6E1 /* FeedViewModel.swift */; };
		720AAC9A284AC6FC0007BDA9 /* TextFields.swift in Sources */ = {isa = PBXBuildFile; fileRef = 720AAC99284AC6FC0007BDA9 /* TextFields.swift */; };
		7218E96527E0D9FA00BDE6B2 /* ImagePicker.swift in Sources */ = {isa = PBXBuildFile; fileRef = 7218E96427E0D9FA00BDE6B2 /* ImagePicker.swift */; };
		7224499E27CD5C1A002104F7 /* RootView.swift in Sources */ = {isa = PBXBuildFile; fileRef = 7224499D27CD5C1A002104F7 /* RootView.swift */; };
		722452D727D92EC7008B215B /* Buttons.swift in Sources */ = {isa = PBXBuildFile; fileRef = 722452D627D92EC7008B215B /* Buttons.swift */; };
		722452D927D947AA008B215B /* UserProfileViewModel.swift in Sources */ = {isa = PBXBuildFile; fileRef = 722452D827D947AA008B215B /* UserProfileViewModel.swift */; };
		722883EA27C9795B006EB7A4 /* TabBarView.swift in Sources */ = {isa = PBXBuildFile; fileRef = 722883E927C9795B006EB7A4 /* TabBarView.swift */; };
		722FCC9927CFD72400126903 /* UserService.swift in Sources */ = {isa = PBXBuildFile; fileRef = 722FCC9827CFD72400126903 /* UserService.swift */; };
		722FCC9C27CFD77100126903 /* Collections.swift in Sources */ = {isa = PBXBuildFile; fileRef = 722FCC9B27CFD77100126903 /* Collections.swift */; };
		722FCC9F27CFE66900126903 /* UserModel.swift in Sources */ = {isa = PBXBuildFile; fileRef = 722FCC9E27CFE66900126903 /* UserModel.swift */; };
		722FCCA127D008AD00126903 /* SearchShapes.swift in Sources */ = {isa = PBXBuildFile; fileRef = 722FCCA027D008AD00126903 /* SearchShapes.swift */; };
		722FCCA627D00A3B00126903 /* BookSearchView.swift in Sources */ = {isa = PBXBuildFile; fileRef = 722FCCA527D00A3B00126903 /* BookSearchView.swift */; };
		722FCCA827D00C6200126903 /* PeopleSearchView.swift in Sources */ = {isa = PBXBuildFile; fileRef = 722FCCA727D00C6200126903 /* PeopleSearchView.swift */; };
		723D40C228747FB0009DD540 /* LineChart.swift in Sources */ = {isa = PBXBuildFile; fileRef = 723D40C128747FB0009DD540 /* LineChart.swift */; };
		724C2B392850AF78003CE1B5 /* BookstaImage.swift in Sources */ = {isa = PBXBuildFile; fileRef = 724C2B382850AF78003CE1B5 /* BookstaImage.swift */; };
		7257A290285F2F970032A3EF /* PostViewModel.swift in Sources */ = {isa = PBXBuildFile; fileRef = 7257A28F285F2F970032A3EF /* PostViewModel.swift */; };
		7257A294285F5C5F0032A3EF /* ProfileFeatures.swift in Sources */ = {isa = PBXBuildFile; fileRef = 7257A293285F5C5F0032A3EF /* ProfileFeatures.swift */; };
		7257A2962860792E0032A3EF /* EditProfileView.swift in Sources */ = {isa = PBXBuildFile; fileRef = 7257A2952860792E0032A3EF /* EditProfileView.swift */; };
		7257A29828607ED40032A3EF /* NavigationBar.swift in Sources */ = {isa = PBXBuildFile; fileRef = 7257A29728607ED40032A3EF /* NavigationBar.swift */; };
		725D89CA286DB25F002E05FB /* BookRecommenderAPI.swift in Sources */ = {isa = PBXBuildFile; fileRef = 725D89C9286DB25F002E05FB /* BookRecommenderAPI.swift */; };
		725D89CC286DE8ED002E05FB /* GeneralSearchViewModel.swift in Sources */ = {isa = PBXBuildFile; fileRef = 725D89CB286DE8ED002E05FB /* GeneralSearchViewModel.swift */; };
		725D89CE286DEE5F002E05FB /* FilterView.swift in Sources */ = {isa = PBXBuildFile; fileRef = 725D89CD286DEE5F002E05FB /* FilterView.swift */; };
		725D89D0286F0497002E05FB /* MainCheck.swift in Sources */ = {isa = PBXBuildFile; fileRef = 725D89CF286F0497002E05FB /* MainCheck.swift */; };
		725E601C28672CE900B5B757 /* AddGenreView.swift in Sources */ = {isa = PBXBuildFile; fileRef = 725E601B28672CE900B5B757 /* AddGenreView.swift */; };
		725E601F2868C73600B5B757 /* GenresViewModel.swift in Sources */ = {isa = PBXBuildFile; fileRef = 725E601E2868C73600B5B757 /* GenresViewModel.swift */; };
		7263379927C6738F001D59FE /* ImageUploaderService.swift in Sources */ = {isa = PBXBuildFile; fileRef = 7263379827C6738F001D59FE /* ImageUploaderService.swift */; };
		7263379B27C6739C001D59FE /* AuthService.swift in Sources */ = {isa = PBXBuildFile; fileRef = 7263379A27C6739C001D59FE /* AuthService.swift */; };
		7263379F27C675A6001D59FE /* LoginModel.swift in Sources */ = {isa = PBXBuildFile; fileRef = 7263379E27C675A6001D59FE /* LoginModel.swift */; };
		726337A127C675B7001D59FE /* SignUpModel.swift in Sources */ = {isa = PBXBuildFile; fileRef = 726337A027C675B7001D59FE /* SignUpModel.swift */; };
		726337A427C676C0001D59FE /* LoginSignUpShapes.swift in Sources */ = {isa = PBXBuildFile; fileRef = 726337A327C676C0001D59FE /* LoginSignUpShapes.swift */; };
		726337A627C6938F001D59FE /* GoogleService-Info.plist in Resources */ = {isa = PBXBuildFile; fileRef = 726337A527C6938F001D59FE /* GoogleService-Info.plist */; };
		72667F6527D1608A00EAB2D4 /* GeneralSearchView.swift in Sources */ = {isa = PBXBuildFile; fileRef = 72667F6427D1608A00EAB2D4 /* GeneralSearchView.swift */; };
		72667F6727D168E700EAB2D4 /* SecondAttempt.swift in Sources */ = {isa = PBXBuildFile; fileRef = 72667F6627D168E700EAB2D4 /* SecondAttempt.swift */; };
		726D709127D6370A001EE64F /* PeopleSearchViewModel.swift in Sources */ = {isa = PBXBuildFile; fileRef = 726D709027D6370A001EE64F /* PeopleSearchViewModel.swift */; };
		726D709327D63DE6001EE64F /* DataState.swift in Sources */ = {isa = PBXBuildFile; fileRef = 726D709227D63DE6001EE64F /* DataState.swift */; };
		728863E228660AAA007F1B7F /* EditProfileViewModel.swift in Sources */ = {isa = PBXBuildFile; fileRef = 728863E128660AAA007F1B7F /* EditProfileViewModel.swift */; };
		728928362872F95900487722 /* RefreshViewModifier.swift in Sources */ = {isa = PBXBuildFile; fileRef = 728928352872F95900487722 /* RefreshViewModifier.swift */; };
		7289283B2873617600487722 /* StatisticsView.swift in Sources */ = {isa = PBXBuildFile; fileRef = 7289283A2873617600487722 /* StatisticsView.swift */; };
		7289283D28736B4B00487722 /* BarChart.swift in Sources */ = {isa = PBXBuildFile; fileRef = 7289283C28736B4B00487722 /* BarChart.swift */; };
		728928422873802500487722 /* StatisticsViewModel.swift in Sources */ = {isa = PBXBuildFile; fileRef = 728928412873802500487722 /* StatisticsViewModel.swift */; };
		728A70EC2844111D00E95B0D /* AddBookReviewViewModel.swift in Sources */ = {isa = PBXBuildFile; fileRef = 728A70EB2844111D00E95B0D /* AddBookReviewViewModel.swift */; };
		728A7101284414D000E95B0D /* Poppins-ExtraLight.ttf in Resources */ = {isa = PBXBuildFile; fileRef = 728A70EE284414D000E95B0D /* Poppins-ExtraLight.ttf */; };
		728A7102284414D000E95B0D /* Poppins-ThinItalic.ttf in Resources */ = {isa = PBXBuildFile; fileRef = 728A70EF284414D000E95B0D /* Poppins-ThinItalic.ttf */; };
		728A7103284414D000E95B0D /* Poppins-ExtraLightItalic.ttf in Resources */ = {isa = PBXBuildFile; fileRef = 728A70F0284414D000E95B0D /* Poppins-ExtraLightItalic.ttf */; };
		728A7104284414D000E95B0D /* Poppins-BoldItalic.ttf in Resources */ = {isa = PBXBuildFile; fileRef = 728A70F1284414D000E95B0D /* Poppins-BoldItalic.ttf */; };
		728A7105284414D000E95B0D /* Poppins-Light.ttf in Resources */ = {isa = PBXBuildFile; fileRef = 728A70F2284414D000E95B0D /* Poppins-Light.ttf */; };
		728A7106284414D000E95B0D /* Poppins-Medium.ttf in Resources */ = {isa = PBXBuildFile; fileRef = 728A70F3284414D000E95B0D /* Poppins-Medium.ttf */; };
		728A7107284414D000E95B0D /* Poppins-SemiBoldItalic.ttf in Resources */ = {isa = PBXBuildFile; fileRef = 728A70F4284414D000E95B0D /* Poppins-SemiBoldItalic.ttf */; };
		728A7108284414D000E95B0D /* Poppins-ExtraBoldItalic.ttf in Resources */ = {isa = PBXBuildFile; fileRef = 728A70F5284414D000E95B0D /* Poppins-ExtraBoldItalic.ttf */; };
		728A7109284414D000E95B0D /* Poppins-ExtraBold.ttf in Resources */ = {isa = PBXBuildFile; fileRef = 728A70F6284414D000E95B0D /* Poppins-ExtraBold.ttf */; };
		728A710A284414D000E95B0D /* Poppins-BlackItalic.ttf in Resources */ = {isa = PBXBuildFile; fileRef = 728A70F7284414D000E95B0D /* Poppins-BlackItalic.ttf */; };
		728A710B284414D000E95B0D /* OFL.txt in Resources */ = {isa = PBXBuildFile; fileRef = 728A70F8284414D000E95B0D /* OFL.txt */; };
		728A710C284414D000E95B0D /* Poppins-Regular.ttf in Resources */ = {isa = PBXBuildFile; fileRef = 728A70F9284414D000E95B0D /* Poppins-Regular.ttf */; };
		728A710D284414D000E95B0D /* Poppins-LightItalic.ttf in Resources */ = {isa = PBXBuildFile; fileRef = 728A70FA284414D000E95B0D /* Poppins-LightItalic.ttf */; };
		728A710E284414D000E95B0D /* Poppins-Bold.ttf in Resources */ = {isa = PBXBuildFile; fileRef = 728A70FB284414D000E95B0D /* Poppins-Bold.ttf */; };
		728A710F284414D000E95B0D /* Poppins-Black.ttf in Resources */ = {isa = PBXBuildFile; fileRef = 728A70FC284414D000E95B0D /* Poppins-Black.ttf */; };
		728A7110284414D000E95B0D /* Poppins-Thin.ttf in Resources */ = {isa = PBXBuildFile; fileRef = 728A70FD284414D000E95B0D /* Poppins-Thin.ttf */; };
		728A7111284414D000E95B0D /* Poppins-SemiBold.ttf in Resources */ = {isa = PBXBuildFile; fileRef = 728A70FE284414D000E95B0D /* Poppins-SemiBold.ttf */; };
		728A7112284414D000E95B0D /* Poppins-Italic.ttf in Resources */ = {isa = PBXBuildFile; fileRef = 728A70FF284414D000E95B0D /* Poppins-Italic.ttf */; };
		728A7113284414D000E95B0D /* Poppins-MediumItalic.ttf in Resources */ = {isa = PBXBuildFile; fileRef = 728A7100284414D000E95B0D /* Poppins-MediumItalic.ttf */; };
		729B99C82861B80D000CDCFA /* ProfileViewModel.swift in Sources */ = {isa = PBXBuildFile; fileRef = 729B99C72861B80D000CDCFA /* ProfileViewModel.swift */; };
		729B99CA2861D2A1000CDCFA /* ProfileFeatures+ViewModifiers.swift in Sources */ = {isa = PBXBuildFile; fileRef = 729B99C92861D2A1000CDCFA /* ProfileFeatures+ViewModifiers.swift */; };
		72A1C93D27D4FE9B0070E344 /* SearchBar.swift in Sources */ = {isa = PBXBuildFile; fileRef = 72A1C93C27D4FE9B0070E344 /* SearchBar.swift */; };
		72ACD6DA2824584C00A7D3E6 /* BookSearchViewModel.swift in Sources */ = {isa = PBXBuildFile; fileRef = 72ACD6D92824584C00A7D3E6 /* BookSearchViewModel.swift */; };
		72B2C90627C00A7500554C72 /* AppDelegate.swift in Sources */ = {isa = PBXBuildFile; fileRef = 72B2C90527C00A7500554C72 /* AppDelegate.swift */; };
		72B2C91027C00A7500554C72 /* booksta.xcdatamodeld in Sources */ = {isa = PBXBuildFile; fileRef = 72B2C90E27C00A7500554C72 /* booksta.xcdatamodeld */; };
		72B2C91227C00A7D00554C72 /* Assets.xcassets in Resources */ = {isa = PBXBuildFile; fileRef = 72B2C91127C00A7D00554C72 /* Assets.xcassets */; };
		72B2C91527C00A7D00554C72 /* LaunchScreen.storyboard in Resources */ = {isa = PBXBuildFile; fileRef = 72B2C91327C00A7D00554C72 /* LaunchScreen.storyboard */; };
		72B2C92027C00A7E00554C72 /* bookstaTests.swift in Sources */ = {isa = PBXBuildFile; fileRef = 72B2C91F27C00A7E00554C72 /* bookstaTests.swift */; };
		72B2C92A27C00A7E00554C72 /* bookstaUITests.swift in Sources */ = {isa = PBXBuildFile; fileRef = 72B2C92927C00A7E00554C72 /* bookstaUITests.swift */; };
		72B2C92C27C00A7E00554C72 /* bookstaUITestsLaunchTests.swift in Sources */ = {isa = PBXBuildFile; fileRef = 72B2C92B27C00A7E00554C72 /* bookstaUITestsLaunchTests.swift */; };
		72B2C93A27C00AC600554C72 /* LoginView.swift in Sources */ = {isa = PBXBuildFile; fileRef = 72B2C93927C00AC600554C72 /* LoginView.swift */; };
		72B2C93D27C01BB100554C72 /* LoginViewModel.swift in Sources */ = {isa = PBXBuildFile; fileRef = 72B2C93C27C01BB100554C72 /* LoginViewModel.swift */; };
		72B2C94027C0215500554C72 /* Color+Extension.swift in Sources */ = {isa = PBXBuildFile; fileRef = 72B2C93F27C0215500554C72 /* Color+Extension.swift */; };
		72B2C94227C0229F00554C72 /* Colors.xcassets in Resources */ = {isa = PBXBuildFile; fileRef = 72B2C94127C0229F00554C72 /* Colors.xcassets */; };
		72BCE289284F694700434F9F /* FeedView.swift in Sources */ = {isa = PBXBuildFile; fileRef = 72BCE288284F694700434F9F /* FeedView.swift */; };
		72BCE28B284F6E4500434F9F /* AddReviewView.swift in Sources */ = {isa = PBXBuildFile; fileRef = 72BCE28A284F6E4500434F9F /* AddReviewView.swift */; };
		72BCE28D284F77FC00434F9F /* StarView.swift in Sources */ = {isa = PBXBuildFile; fileRef = 72BCE28C284F77FC00434F9F /* StarView.swift */; };
		72BCE28F284F843B00434F9F /* ReviewService.swift in Sources */ = {isa = PBXBuildFile; fileRef = 72BCE28E284F843B00434F9F /* ReviewService.swift */; };
		72BCE292284FC03F00434F9F /* ReviewModel.swift in Sources */ = {isa = PBXBuildFile; fileRef = 72BCE291284FC03F00434F9F /* ReviewModel.swift */; };
		72BCE294284FC79E00434F9F /* URL+Extension.swift in Sources */ = {isa = PBXBuildFile; fileRef = 72BCE293284FC79E00434F9F /* URL+Extension.swift */; };
		72C0185627C6E6ED0049D04B /* AppDelegate+Injection.swift in Sources */ = {isa = PBXBuildFile; fileRef = 72C0185527C6E6ED0049D04B /* AppDelegate+Injection.swift */; };
		72CDE62127C2E61400C83327 /* SignUpViewModel.swift in Sources */ = {isa = PBXBuildFile; fileRef = 72CDE62027C2E61400C83327 /* SignUpViewModel.swift */; };
		72CDE62627C2EDD700C83327 /* MainProfileView.swift in Sources */ = {isa = PBXBuildFile; fileRef = 72CDE62527C2EDD700C83327 /* MainProfileView.swift */; };
		72D9563027C6C405006C0D88 /* View+Extension.swift in Sources */ = {isa = PBXBuildFile; fileRef = 72D9562F27C6C405006C0D88 /* View+Extension.swift */; };
		72D9563327C6C829006C0D88 /* MainProfileViewModel.swift in Sources */ = {isa = PBXBuildFile; fileRef = 72D9563227C6C829006C0D88 /* MainProfileViewModel.swift */; };
		72E5DE5E27F3900600818DC0 /* BookService.swift in Sources */ = {isa = PBXBuildFile; fileRef = 72E5DE5D27F3900600818DC0 /* BookService.swift */; };
		72E5DE6127F393B600818DC0 /* BookModel.swift in Sources */ = {isa = PBXBuildFile; fileRef = 72E5DE6027F393B600818DC0 /* BookModel.swift */; };
		72E5DE6427F3959300818DC0 /* AuthorModel.swift in Sources */ = {isa = PBXBuildFile; fileRef = 72E5DE6327F3959300818DC0 /* AuthorModel.swift */; };
		72E5DE6627F39BC600818DC0 /* BookView.swift in Sources */ = {isa = PBXBuildFile; fileRef = 72E5DE6527F39BC600818DC0 /* BookView.swift */; };
		72E5DE6827F3A5F900818DC0 /* AddBookView.swift in Sources */ = {isa = PBXBuildFile; fileRef = 72E5DE6727F3A5F900818DC0 /* AddBookView.swift */; };
		72ED9C7D27C03E3B00EEC6CB /* CustomDivider.swift in Sources */ = {isa = PBXBuildFile; fileRef = 72ED9C7C27C03E3B00EEC6CB /* CustomDivider.swift */; };
		72ED9C7F27C0444700EEC6CB /* NewApp.swift in Sources */ = {isa = PBXBuildFile; fileRef = 72ED9C7E27C0444700EEC6CB /* NewApp.swift */; };
		72ED9C8127C047CC00EEC6CB /* SceneDelegate.swift in Sources */ = {isa = PBXBuildFile; fileRef = 72ED9C8027C047CC00EEC6CB /* SceneDelegate.swift */; };
		72ED9C8627C1CB1A00EEC6CB /* HomeView.swift in Sources */ = {isa = PBXBuildFile; fileRef = 72ED9C8527C1CB1A00EEC6CB /* HomeView.swift */; };
		72ED9C8927C1CB3E00EEC6CB /* SignUpView.swift in Sources */ = {isa = PBXBuildFile; fileRef = 72ED9C8827C1CB3E00EEC6CB /* SignUpView.swift */; };
		72F0C68627D7805600BA8789 /* UserProfileView.swift in Sources */ = {isa = PBXBuildFile; fileRef = 72F0C68527D7805600BA8789 /* UserProfileView.swift */; };
		AF86830929CB61748E1B2B1E /* Pods_bookstaTests.framework in Frameworks */ = {isa = PBXBuildFile; fileRef = 00A3EC6398F3FF5DA79F2F50 /* Pods_bookstaTests.framework */; };
		FA3F15C8432D4721769EF502 /* Pods_booksta_bookstaUITests.framework in Frameworks */ = {isa = PBXBuildFile; fileRef = DF6FC2CC0B8AAFABF29F649B /* Pods_booksta_bookstaUITests.framework */; };
/* End PBXBuildFile section */

/* Begin PBXContainerItemProxy section */
		72B2C91C27C00A7E00554C72 /* PBXContainerItemProxy */ = {
			isa = PBXContainerItemProxy;
			containerPortal = 72B2C8FA27C00A7500554C72 /* Project object */;
			proxyType = 1;
			remoteGlobalIDString = 72B2C90127C00A7500554C72;
			remoteInfo = booksta;
		};
		72B2C92627C00A7E00554C72 /* PBXContainerItemProxy */ = {
			isa = PBXContainerItemProxy;
			containerPortal = 72B2C8FA27C00A7500554C72 /* Project object */;
			proxyType = 1;
			remoteGlobalIDString = 72B2C90127C00A7500554C72;
			remoteInfo = booksta;
		};
/* End PBXContainerItemProxy section */

/* Begin PBXFileReference section */
		00A3EC6398F3FF5DA79F2F50 /* Pods_bookstaTests.framework */ = {isa = PBXFileReference; explicitFileType = wrapper.framework; includeInIndex = 0; path = Pods_bookstaTests.framework; sourceTree = BUILT_PRODUCTS_DIR; };
		13D5265699A2DEC64800924F /* Pods-bookstaTests.release.xcconfig */ = {isa = PBXFileReference; includeInIndex = 1; lastKnownFileType = text.xcconfig; name = "Pods-bookstaTests.release.xcconfig"; path = "Target Support Files/Pods-bookstaTests/Pods-bookstaTests.release.xcconfig"; sourceTree = "<group>"; };
		17584B70769625452ABB2174 /* Pods_booksta.framework */ = {isa = PBXFileReference; explicitFileType = wrapper.framework; includeInIndex = 0; path = Pods_booksta.framework; sourceTree = BUILT_PRODUCTS_DIR; };
		1DBDE22E3F1A34F571EEF9C8 /* Pods-bookstaTests.debug.xcconfig */ = {isa = PBXFileReference; includeInIndex = 1; lastKnownFileType = text.xcconfig; name = "Pods-bookstaTests.debug.xcconfig"; path = "Target Support Files/Pods-bookstaTests/Pods-bookstaTests.debug.xcconfig"; sourceTree = "<group>"; };
		7204037C285BEE2C0022F6E1 /* AddPostView.swift */ = {isa = PBXFileReference; lastKnownFileType = sourcecode.swift; path = AddPostView.swift; sourceTree = "<group>"; };
		7204037E285BFD130022F6E1 /* AddPostViewModel.swift */ = {isa = PBXFileReference; lastKnownFileType = sourcecode.swift; path = AddPostViewModel.swift; sourceTree = "<group>"; };
		72040380285C085B0022F6E1 /* PostService.swift */ = {isa = PBXFileReference; lastKnownFileType = sourcecode.swift; path = PostService.swift; sourceTree = "<group>"; };
		72040384285C510E0022F6E1 /* PostView.swift */ = {isa = PBXFileReference; lastKnownFileType = sourcecode.swift; path = PostView.swift; sourceTree = "<group>"; };
		72040386285C51200022F6E1 /* PostModel.swift */ = {isa = PBXFileReference; lastKnownFileType = sourcecode.swift; path = PostModel.swift; sourceTree = "<group>"; };
		72040388285C53130022F6E1 /* FeedViewModel.swift */ = {isa = PBXFileReference; lastKnownFileType = sourcecode.swift; path = FeedViewModel.swift; sourceTree = "<group>"; };
		720AAC99284AC6FC0007BDA9 /* TextFields.swift */ = {isa = PBXFileReference; lastKnownFileType = sourcecode.swift; path = TextFields.swift; sourceTree = "<group>"; };
		7218E96427E0D9FA00BDE6B2 /* ImagePicker.swift */ = {isa = PBXFileReference; lastKnownFileType = sourcecode.swift; path = ImagePicker.swift; sourceTree = "<group>"; };
		7224499D27CD5C1A002104F7 /* RootView.swift */ = {isa = PBXFileReference; lastKnownFileType = sourcecode.swift; path = RootView.swift; sourceTree = "<group>"; };
		722452D627D92EC7008B215B /* Buttons.swift */ = {isa = PBXFileReference; lastKnownFileType = sourcecode.swift; path = Buttons.swift; sourceTree = "<group>"; };
		722452D827D947AA008B215B /* UserProfileViewModel.swift */ = {isa = PBXFileReference; lastKnownFileType = sourcecode.swift; path = UserProfileViewModel.swift; sourceTree = "<group>"; };
		722883E927C9795B006EB7A4 /* TabBarView.swift */ = {isa = PBXFileReference; lastKnownFileType = sourcecode.swift; path = TabBarView.swift; sourceTree = "<group>"; };
		722FCC9827CFD72400126903 /* UserService.swift */ = {isa = PBXFileReference; lastKnownFileType = sourcecode.swift; path = UserService.swift; sourceTree = "<group>"; };
		722FCC9B27CFD77100126903 /* Collections.swift */ = {isa = PBXFileReference; lastKnownFileType = sourcecode.swift; path = Collections.swift; sourceTree = "<group>"; };
		722FCC9E27CFE66900126903 /* UserModel.swift */ = {isa = PBXFileReference; lastKnownFileType = sourcecode.swift; path = UserModel.swift; sourceTree = "<group>"; };
		722FCCA027D008AD00126903 /* SearchShapes.swift */ = {isa = PBXFileReference; lastKnownFileType = sourcecode.swift; path = SearchShapes.swift; sourceTree = "<group>"; };
		722FCCA527D00A3B00126903 /* BookSearchView.swift */ = {isa = PBXFileReference; lastKnownFileType = sourcecode.swift; path = BookSearchView.swift; sourceTree = "<group>"; };
		722FCCA727D00C6200126903 /* PeopleSearchView.swift */ = {isa = PBXFileReference; lastKnownFileType = sourcecode.swift; path = PeopleSearchView.swift; sourceTree = "<group>"; };
		723D40C128747FB0009DD540 /* LineChart.swift */ = {isa = PBXFileReference; lastKnownFileType = sourcecode.swift; path = LineChart.swift; sourceTree = "<group>"; };
		724C2B382850AF78003CE1B5 /* BookstaImage.swift */ = {isa = PBXFileReference; lastKnownFileType = sourcecode.swift; path = BookstaImage.swift; sourceTree = "<group>"; };
		7257A28F285F2F970032A3EF /* PostViewModel.swift */ = {isa = PBXFileReference; lastKnownFileType = sourcecode.swift; path = PostViewModel.swift; sourceTree = "<group>"; };
		7257A293285F5C5F0032A3EF /* ProfileFeatures.swift */ = {isa = PBXFileReference; lastKnownFileType = sourcecode.swift; path = ProfileFeatures.swift; sourceTree = "<group>"; };
		7257A2952860792E0032A3EF /* EditProfileView.swift */ = {isa = PBXFileReference; lastKnownFileType = sourcecode.swift; path = EditProfileView.swift; sourceTree = "<group>"; };
		7257A29728607ED40032A3EF /* NavigationBar.swift */ = {isa = PBXFileReference; lastKnownFileType = sourcecode.swift; path = NavigationBar.swift; sourceTree = "<group>"; };
		725D89C9286DB25F002E05FB /* BookRecommenderAPI.swift */ = {isa = PBXFileReference; lastKnownFileType = sourcecode.swift; path = BookRecommenderAPI.swift; sourceTree = "<group>"; };
		725D89CB286DE8ED002E05FB /* GeneralSearchViewModel.swift */ = {isa = PBXFileReference; lastKnownFileType = sourcecode.swift; path = GeneralSearchViewModel.swift; sourceTree = "<group>"; };
		725D89CD286DEE5F002E05FB /* FilterView.swift */ = {isa = PBXFileReference; lastKnownFileType = sourcecode.swift; path = FilterView.swift; sourceTree = "<group>"; };
		725D89CF286F0497002E05FB /* MainCheck.swift */ = {isa = PBXFileReference; lastKnownFileType = sourcecode.swift; path = MainCheck.swift; sourceTree = "<group>"; };
		725E601B28672CE900B5B757 /* AddGenreView.swift */ = {isa = PBXFileReference; lastKnownFileType = sourcecode.swift; path = AddGenreView.swift; sourceTree = "<group>"; };
		725E601E2868C73600B5B757 /* GenresViewModel.swift */ = {isa = PBXFileReference; lastKnownFileType = sourcecode.swift; path = GenresViewModel.swift; sourceTree = "<group>"; };
		7263379827C6738F001D59FE /* ImageUploaderService.swift */ = {isa = PBXFileReference; lastKnownFileType = sourcecode.swift; path = ImageUploaderService.swift; sourceTree = "<group>"; };
		7263379A27C6739C001D59FE /* AuthService.swift */ = {isa = PBXFileReference; lastKnownFileType = sourcecode.swift; path = AuthService.swift; sourceTree = "<group>"; };
		7263379E27C675A6001D59FE /* LoginModel.swift */ = {isa = PBXFileReference; lastKnownFileType = sourcecode.swift; path = LoginModel.swift; sourceTree = "<group>"; };
		726337A027C675B7001D59FE /* SignUpModel.swift */ = {isa = PBXFileReference; lastKnownFileType = sourcecode.swift; path = SignUpModel.swift; sourceTree = "<group>"; };
		726337A327C676C0001D59FE /* LoginSignUpShapes.swift */ = {isa = PBXFileReference; lastKnownFileType = sourcecode.swift; path = LoginSignUpShapes.swift; sourceTree = "<group>"; };
		726337A527C6938F001D59FE /* GoogleService-Info.plist */ = {isa = PBXFileReference; fileEncoding = 4; lastKnownFileType = text.plist.xml; path = "GoogleService-Info.plist"; sourceTree = "<group>"; };
		72667F6427D1608A00EAB2D4 /* GeneralSearchView.swift */ = {isa = PBXFileReference; lastKnownFileType = sourcecode.swift; path = GeneralSearchView.swift; sourceTree = "<group>"; };
		72667F6627D168E700EAB2D4 /* SecondAttempt.swift */ = {isa = PBXFileReference; lastKnownFileType = sourcecode.swift; path = SecondAttempt.swift; sourceTree = "<group>"; };
		726D709027D6370A001EE64F /* PeopleSearchViewModel.swift */ = {isa = PBXFileReference; lastKnownFileType = sourcecode.swift; path = PeopleSearchViewModel.swift; sourceTree = "<group>"; };
		726D709227D63DE6001EE64F /* DataState.swift */ = {isa = PBXFileReference; lastKnownFileType = sourcecode.swift; path = DataState.swift; sourceTree = "<group>"; };
		728863E128660AAA007F1B7F /* EditProfileViewModel.swift */ = {isa = PBXFileReference; lastKnownFileType = sourcecode.swift; path = EditProfileViewModel.swift; sourceTree = "<group>"; };
		728928352872F95900487722 /* RefreshViewModifier.swift */ = {isa = PBXFileReference; lastKnownFileType = sourcecode.swift; path = RefreshViewModifier.swift; sourceTree = "<group>"; };
		7289283A2873617600487722 /* StatisticsView.swift */ = {isa = PBXFileReference; lastKnownFileType = sourcecode.swift; path = StatisticsView.swift; sourceTree = "<group>"; };
		7289283C28736B4B00487722 /* BarChart.swift */ = {isa = PBXFileReference; lastKnownFileType = sourcecode.swift; path = BarChart.swift; sourceTree = "<group>"; };
		728928412873802500487722 /* StatisticsViewModel.swift */ = {isa = PBXFileReference; lastKnownFileType = sourcecode.swift; path = StatisticsViewModel.swift; sourceTree = "<group>"; };
		728A70EB2844111D00E95B0D /* AddBookReviewViewModel.swift */ = {isa = PBXFileReference; lastKnownFileType = sourcecode.swift; path = AddBookReviewViewModel.swift; sourceTree = "<group>"; };
		728A70EE284414D000E95B0D /* Poppins-ExtraLight.ttf */ = {isa = PBXFileReference; lastKnownFileType = file; path = "Poppins-ExtraLight.ttf"; sourceTree = "<group>"; };
		728A70EF284414D000E95B0D /* Poppins-ThinItalic.ttf */ = {isa = PBXFileReference; lastKnownFileType = file; path = "Poppins-ThinItalic.ttf"; sourceTree = "<group>"; };
		728A70F0284414D000E95B0D /* Poppins-ExtraLightItalic.ttf */ = {isa = PBXFileReference; lastKnownFileType = file; path = "Poppins-ExtraLightItalic.ttf"; sourceTree = "<group>"; };
		728A70F1284414D000E95B0D /* Poppins-BoldItalic.ttf */ = {isa = PBXFileReference; lastKnownFileType = file; path = "Poppins-BoldItalic.ttf"; sourceTree = "<group>"; };
		728A70F2284414D000E95B0D /* Poppins-Light.ttf */ = {isa = PBXFileReference; lastKnownFileType = file; path = "Poppins-Light.ttf"; sourceTree = "<group>"; };
		728A70F3284414D000E95B0D /* Poppins-Medium.ttf */ = {isa = PBXFileReference; lastKnownFileType = file; path = "Poppins-Medium.ttf"; sourceTree = "<group>"; };
		728A70F4284414D000E95B0D /* Poppins-SemiBoldItalic.ttf */ = {isa = PBXFileReference; lastKnownFileType = file; path = "Poppins-SemiBoldItalic.ttf"; sourceTree = "<group>"; };
		728A70F5284414D000E95B0D /* Poppins-ExtraBoldItalic.ttf */ = {isa = PBXFileReference; lastKnownFileType = file; path = "Poppins-ExtraBoldItalic.ttf"; sourceTree = "<group>"; };
		728A70F6284414D000E95B0D /* Poppins-ExtraBold.ttf */ = {isa = PBXFileReference; lastKnownFileType = file; path = "Poppins-ExtraBold.ttf"; sourceTree = "<group>"; };
		728A70F7284414D000E95B0D /* Poppins-BlackItalic.ttf */ = {isa = PBXFileReference; lastKnownFileType = file; path = "Poppins-BlackItalic.ttf"; sourceTree = "<group>"; };
		728A70F8284414D000E95B0D /* OFL.txt */ = {isa = PBXFileReference; fileEncoding = 4; lastKnownFileType = text; path = OFL.txt; sourceTree = "<group>"; };
		728A70F9284414D000E95B0D /* Poppins-Regular.ttf */ = {isa = PBXFileReference; lastKnownFileType = file; path = "Poppins-Regular.ttf"; sourceTree = "<group>"; };
		728A70FA284414D000E95B0D /* Poppins-LightItalic.ttf */ = {isa = PBXFileReference; lastKnownFileType = file; path = "Poppins-LightItalic.ttf"; sourceTree = "<group>"; };
		728A70FB284414D000E95B0D /* Poppins-Bold.ttf */ = {isa = PBXFileReference; lastKnownFileType = file; path = "Poppins-Bold.ttf"; sourceTree = "<group>"; };
		728A70FC284414D000E95B0D /* Poppins-Black.ttf */ = {isa = PBXFileReference; lastKnownFileType = file; path = "Poppins-Black.ttf"; sourceTree = "<group>"; };
		728A70FD284414D000E95B0D /* Poppins-Thin.ttf */ = {isa = PBXFileReference; lastKnownFileType = file; path = "Poppins-Thin.ttf"; sourceTree = "<group>"; };
		728A70FE284414D000E95B0D /* Poppins-SemiBold.ttf */ = {isa = PBXFileReference; lastKnownFileType = file; path = "Poppins-SemiBold.ttf"; sourceTree = "<group>"; };
		728A70FF284414D000E95B0D /* Poppins-Italic.ttf */ = {isa = PBXFileReference; lastKnownFileType = file; path = "Poppins-Italic.ttf"; sourceTree = "<group>"; };
		728A7100284414D000E95B0D /* Poppins-MediumItalic.ttf */ = {isa = PBXFileReference; lastKnownFileType = file; path = "Poppins-MediumItalic.ttf"; sourceTree = "<group>"; };
		729B99C72861B80D000CDCFA /* ProfileViewModel.swift */ = {isa = PBXFileReference; lastKnownFileType = sourcecode.swift; path = ProfileViewModel.swift; sourceTree = "<group>"; };
		729B99C92861D2A1000CDCFA /* ProfileFeatures+ViewModifiers.swift */ = {isa = PBXFileReference; lastKnownFileType = sourcecode.swift; path = "ProfileFeatures+ViewModifiers.swift"; sourceTree = "<group>"; };
		72A1C93C27D4FE9B0070E344 /* SearchBar.swift */ = {isa = PBXFileReference; lastKnownFileType = sourcecode.swift; path = SearchBar.swift; sourceTree = "<group>"; };
		72ACD6D92824584C00A7D3E6 /* BookSearchViewModel.swift */ = {isa = PBXFileReference; lastKnownFileType = sourcecode.swift; path = BookSearchViewModel.swift; sourceTree = "<group>"; };
		72B2C90227C00A7500554C72 /* booksta.app */ = {isa = PBXFileReference; explicitFileType = wrapper.application; includeInIndex = 0; path = booksta.app; sourceTree = BUILT_PRODUCTS_DIR; };
		72B2C90527C00A7500554C72 /* AppDelegate.swift */ = {isa = PBXFileReference; lastKnownFileType = sourcecode.swift; path = AppDelegate.swift; sourceTree = "<group>"; };
		72B2C90F27C00A7500554C72 /* booksta.xcdatamodel */ = {isa = PBXFileReference; lastKnownFileType = wrapper.xcdatamodel; path = booksta.xcdatamodel; sourceTree = "<group>"; };
		72B2C91127C00A7D00554C72 /* Assets.xcassets */ = {isa = PBXFileReference; lastKnownFileType = folder.assetcatalog; path = Assets.xcassets; sourceTree = "<group>"; };
		72B2C91427C00A7D00554C72 /* Base */ = {isa = PBXFileReference; lastKnownFileType = file.storyboard; name = Base; path = Base.lproj/LaunchScreen.storyboard; sourceTree = "<group>"; };
		72B2C91627C00A7D00554C72 /* Info.plist */ = {isa = PBXFileReference; lastKnownFileType = text.plist.xml; path = Info.plist; sourceTree = "<group>"; };
		72B2C91B27C00A7E00554C72 /* bookstaTests.xctest */ = {isa = PBXFileReference; explicitFileType = wrapper.cfbundle; includeInIndex = 0; path = bookstaTests.xctest; sourceTree = BUILT_PRODUCTS_DIR; };
		72B2C91F27C00A7E00554C72 /* bookstaTests.swift */ = {isa = PBXFileReference; lastKnownFileType = sourcecode.swift; path = bookstaTests.swift; sourceTree = "<group>"; };
		72B2C92527C00A7E00554C72 /* bookstaUITests.xctest */ = {isa = PBXFileReference; explicitFileType = wrapper.cfbundle; includeInIndex = 0; path = bookstaUITests.xctest; sourceTree = BUILT_PRODUCTS_DIR; };
		72B2C92927C00A7E00554C72 /* bookstaUITests.swift */ = {isa = PBXFileReference; lastKnownFileType = sourcecode.swift; path = bookstaUITests.swift; sourceTree = "<group>"; };
		72B2C92B27C00A7E00554C72 /* bookstaUITestsLaunchTests.swift */ = {isa = PBXFileReference; lastKnownFileType = sourcecode.swift; path = bookstaUITestsLaunchTests.swift; sourceTree = "<group>"; };
		72B2C93927C00AC600554C72 /* LoginView.swift */ = {isa = PBXFileReference; lastKnownFileType = sourcecode.swift; path = LoginView.swift; sourceTree = "<group>"; };
		72B2C93C27C01BB100554C72 /* LoginViewModel.swift */ = {isa = PBXFileReference; lastKnownFileType = sourcecode.swift; path = LoginViewModel.swift; sourceTree = "<group>"; };
		72B2C93F27C0215500554C72 /* Color+Extension.swift */ = {isa = PBXFileReference; lastKnownFileType = sourcecode.swift; path = "Color+Extension.swift"; sourceTree = "<group>"; };
		72B2C94127C0229F00554C72 /* Colors.xcassets */ = {isa = PBXFileReference; lastKnownFileType = folder.assetcatalog; path = Colors.xcassets; sourceTree = "<group>"; };
		72BCE288284F694700434F9F /* FeedView.swift */ = {isa = PBXFileReference; lastKnownFileType = sourcecode.swift; path = FeedView.swift; sourceTree = "<group>"; };
		72BCE28A284F6E4500434F9F /* AddReviewView.swift */ = {isa = PBXFileReference; lastKnownFileType = sourcecode.swift; path = AddReviewView.swift; sourceTree = "<group>"; };
		72BCE28C284F77FC00434F9F /* StarView.swift */ = {isa = PBXFileReference; lastKnownFileType = sourcecode.swift; path = StarView.swift; sourceTree = "<group>"; };
		72BCE28E284F843B00434F9F /* ReviewService.swift */ = {isa = PBXFileReference; lastKnownFileType = sourcecode.swift; path = ReviewService.swift; sourceTree = "<group>"; };
		72BCE291284FC03F00434F9F /* ReviewModel.swift */ = {isa = PBXFileReference; lastKnownFileType = sourcecode.swift; path = ReviewModel.swift; sourceTree = "<group>"; };
		72BCE293284FC79E00434F9F /* URL+Extension.swift */ = {isa = PBXFileReference; lastKnownFileType = sourcecode.swift; path = "URL+Extension.swift"; sourceTree = "<group>"; };
		72C0185527C6E6ED0049D04B /* AppDelegate+Injection.swift */ = {isa = PBXFileReference; lastKnownFileType = sourcecode.swift; path = "AppDelegate+Injection.swift"; sourceTree = "<group>"; };
		72CDE62027C2E61400C83327 /* SignUpViewModel.swift */ = {isa = PBXFileReference; lastKnownFileType = sourcecode.swift; path = SignUpViewModel.swift; sourceTree = "<group>"; };
		72CDE62527C2EDD700C83327 /* MainProfileView.swift */ = {isa = PBXFileReference; lastKnownFileType = sourcecode.swift; path = MainProfileView.swift; sourceTree = "<group>"; };
		72D9562F27C6C405006C0D88 /* View+Extension.swift */ = {isa = PBXFileReference; lastKnownFileType = sourcecode.swift; path = "View+Extension.swift"; sourceTree = "<group>"; };
		72D9563227C6C829006C0D88 /* MainProfileViewModel.swift */ = {isa = PBXFileReference; lastKnownFileType = sourcecode.swift; path = MainProfileViewModel.swift; sourceTree = "<group>"; };
		72E5DE5D27F3900600818DC0 /* BookService.swift */ = {isa = PBXFileReference; lastKnownFileType = sourcecode.swift; path = BookService.swift; sourceTree = "<group>"; };
		72E5DE6027F393B600818DC0 /* BookModel.swift */ = {isa = PBXFileReference; lastKnownFileType = sourcecode.swift; path = BookModel.swift; sourceTree = "<group>"; };
		72E5DE6327F3959300818DC0 /* AuthorModel.swift */ = {isa = PBXFileReference; lastKnownFileType = sourcecode.swift; path = AuthorModel.swift; sourceTree = "<group>"; };
		72E5DE6527F39BC600818DC0 /* BookView.swift */ = {isa = PBXFileReference; lastKnownFileType = sourcecode.swift; path = BookView.swift; sourceTree = "<group>"; };
		72E5DE6727F3A5F900818DC0 /* AddBookView.swift */ = {isa = PBXFileReference; lastKnownFileType = sourcecode.swift; path = AddBookView.swift; sourceTree = "<group>"; };
		72ED9C7C27C03E3B00EEC6CB /* CustomDivider.swift */ = {isa = PBXFileReference; lastKnownFileType = sourcecode.swift; path = CustomDivider.swift; sourceTree = "<group>"; };
		72ED9C7E27C0444700EEC6CB /* NewApp.swift */ = {isa = PBXFileReference; lastKnownFileType = sourcecode.swift; path = NewApp.swift; sourceTree = "<group>"; };
		72ED9C8027C047CC00EEC6CB /* SceneDelegate.swift */ = {isa = PBXFileReference; fileEncoding = 4; lastKnownFileType = sourcecode.swift; path = SceneDelegate.swift; sourceTree = "<group>"; };
		72ED9C8527C1CB1A00EEC6CB /* HomeView.swift */ = {isa = PBXFileReference; lastKnownFileType = sourcecode.swift; path = HomeView.swift; sourceTree = "<group>"; };
		72ED9C8827C1CB3E00EEC6CB /* SignUpView.swift */ = {isa = PBXFileReference; lastKnownFileType = sourcecode.swift; path = SignUpView.swift; sourceTree = "<group>"; };
		72F0C68527D7805600BA8789 /* UserProfileView.swift */ = {isa = PBXFileReference; lastKnownFileType = sourcecode.swift; path = UserProfileView.swift; sourceTree = "<group>"; };
		87AC8975AE7B67C9A154FC23 /* Pods-booksta.release.xcconfig */ = {isa = PBXFileReference; includeInIndex = 1; lastKnownFileType = text.xcconfig; name = "Pods-booksta.release.xcconfig"; path = "Target Support Files/Pods-booksta/Pods-booksta.release.xcconfig"; sourceTree = "<group>"; };
		88C19BC7C1267F03743A76D3 /* Pods-booksta.debug.xcconfig */ = {isa = PBXFileReference; includeInIndex = 1; lastKnownFileType = text.xcconfig; name = "Pods-booksta.debug.xcconfig"; path = "Target Support Files/Pods-booksta/Pods-booksta.debug.xcconfig"; sourceTree = "<group>"; };
		8DA1B6788ABD24B522CDEF94 /* Pods-booksta-bookstaUITests.debug.xcconfig */ = {isa = PBXFileReference; includeInIndex = 1; lastKnownFileType = text.xcconfig; name = "Pods-booksta-bookstaUITests.debug.xcconfig"; path = "Target Support Files/Pods-booksta-bookstaUITests/Pods-booksta-bookstaUITests.debug.xcconfig"; sourceTree = "<group>"; };
		DF6FC2CC0B8AAFABF29F649B /* Pods_booksta_bookstaUITests.framework */ = {isa = PBXFileReference; explicitFileType = wrapper.framework; includeInIndex = 0; path = Pods_booksta_bookstaUITests.framework; sourceTree = BUILT_PRODUCTS_DIR; };
		E20F1F22D5B99AAB65103E82 /* Pods-booksta-bookstaUITests.release.xcconfig */ = {isa = PBXFileReference; includeInIndex = 1; lastKnownFileType = text.xcconfig; name = "Pods-booksta-bookstaUITests.release.xcconfig"; path = "Target Support Files/Pods-booksta-bookstaUITests/Pods-booksta-bookstaUITests.release.xcconfig"; sourceTree = "<group>"; };
/* End PBXFileReference section */

/* Begin PBXFrameworksBuildPhase section */
		72B2C8FF27C00A7500554C72 /* Frameworks */ = {
			isa = PBXFrameworksBuildPhase;
			buildActionMask = 2147483647;
			files = (
				29AF64A1B4A4203C3BA9A277 /* Pods_booksta.framework in Frameworks */,
			);
			runOnlyForDeploymentPostprocessing = 0;
		};
		72B2C91827C00A7E00554C72 /* Frameworks */ = {
			isa = PBXFrameworksBuildPhase;
			buildActionMask = 2147483647;
			files = (
				AF86830929CB61748E1B2B1E /* Pods_bookstaTests.framework in Frameworks */,
			);
			runOnlyForDeploymentPostprocessing = 0;
		};
		72B2C92227C00A7E00554C72 /* Frameworks */ = {
			isa = PBXFrameworksBuildPhase;
			buildActionMask = 2147483647;
			files = (
				FA3F15C8432D4721769EF502 /* Pods_booksta_bookstaUITests.framework in Frameworks */,
			);
			runOnlyForDeploymentPostprocessing = 0;
		};
/* End PBXFrameworksBuildPhase section */

/* Begin PBXGroup section */
		72040379285BEE080022F6E1 /* AddPost */ = {
			isa = PBXGroup;
			children = (
				7204037B285BEE190022F6E1 /* ViewModel */,
				7204037A285BEE100022F6E1 /* View */,
			);
			path = AddPost;
			sourceTree = "<group>";
		};
		7204037A285BEE100022F6E1 /* View */ = {
			isa = PBXGroup;
			children = (
				7204037C285BEE2C0022F6E1 /* AddPostView.swift */,
			);
			path = View;
			sourceTree = "<group>";
		};
		7204037B285BEE190022F6E1 /* ViewModel */ = {
			isa = PBXGroup;
			children = (
				7204037E285BFD130022F6E1 /* AddPostViewModel.swift */,
			);
			path = ViewModel;
			sourceTree = "<group>";
		};
		72040382285C50ED0022F6E1 /* Post */ = {
			isa = PBXGroup;
			children = (
				72040384285C510E0022F6E1 /* PostView.swift */,
				72040386285C51200022F6E1 /* PostModel.swift */,
				7257A28F285F2F970032A3EF /* PostViewModel.swift */,
			);
			path = Post;
			sourceTree = "<group>";
		};
		72040383285C50FD0022F6E1 /* Feed */ = {
			isa = PBXGroup;
			children = (
				72BCE287284F688100434F9F /* ViewModel */,
				72BCE286284F687C00434F9F /* View */,
			);
			path = Feed;
			sourceTree = "<group>";
		};
		722883E727C9792B006EB7A4 /* TabBar */ = {
			isa = PBXGroup;
			children = (
				722883E827C97936006EB7A4 /* View */,
			);
			path = TabBar;
			sourceTree = "<group>";
		};
		722883E827C97936006EB7A4 /* View */ = {
			isa = PBXGroup;
			children = (
				722883E927C9795B006EB7A4 /* TabBarView.swift */,
			);
			path = View;
			sourceTree = "<group>";
		};
		722FCC9A27CFD74E00126903 /* Utils */ = {
			isa = PBXGroup;
			children = (
				722FCC9B27CFD77100126903 /* Collections.swift */,
				72A1C93C27D4FE9B0070E344 /* SearchBar.swift */,
				726D709227D63DE6001EE64F /* DataState.swift */,
				722452D627D92EC7008B215B /* Buttons.swift */,
				7218E96427E0D9FA00BDE6B2 /* ImagePicker.swift */,
				720AAC99284AC6FC0007BDA9 /* TextFields.swift */,
				72BCE28C284F77FC00434F9F /* StarView.swift */,
				724C2B382850AF78003CE1B5 /* BookstaImage.swift */,
				7257A29728607ED40032A3EF /* NavigationBar.swift */,
				725D89C9286DB25F002E05FB /* BookRecommenderAPI.swift */,
				728928352872F95900487722 /* RefreshViewModifier.swift */,
			);
			path = Utils;
			sourceTree = "<group>";
		};
		722FCC9D27CFE4D300126903 /* Model */ = {
			isa = PBXGroup;
			children = (
				722FCC9E27CFE66900126903 /* UserModel.swift */,
			);
			path = Model;
			sourceTree = "<group>";
		};
		722FCCA227D00A1600126903 /* SearchTabItem */ = {
			isa = PBXGroup;
			children = (
				726D708D27D636CB001EE64F /* BookSearch */,
				726D708A27D63690001EE64F /* PeopleSearch */,
				722FCCA427D00A2B00126903 /* ViewModel */,
				722FCCA327D00A2200126903 /* View */,
			);
			path = SearchTabItem;
			sourceTree = "<group>";
		};
		722FCCA327D00A2200126903 /* View */ = {
			isa = PBXGroup;
			children = (
				72667F6427D1608A00EAB2D4 /* GeneralSearchView.swift */,
				72667F6627D168E700EAB2D4 /* SecondAttempt.swift */,
				725D89CD286DEE5F002E05FB /* FilterView.swift */,
			);
			path = View;
			sourceTree = "<group>";
		};
		722FCCA427D00A2B00126903 /* ViewModel */ = {
			isa = PBXGroup;
			children = (
				725D89CB286DE8ED002E05FB /* GeneralSearchViewModel.swift */,
			);
			path = ViewModel;
			sourceTree = "<group>";
		};
		7257A291285F5C260032A3EF /* ProfileFeatures */ = {
			isa = PBXGroup;
			children = (
				725E601D2868C70700B5B757 /* New Group */,
				7257A292285F5C300032A3EF /* View */,
			);
			path = ProfileFeatures;
			sourceTree = "<group>";
		};
		7257A292285F5C300032A3EF /* View */ = {
			isa = PBXGroup;
			children = (
				7257A293285F5C5F0032A3EF /* ProfileFeatures.swift */,
				729B99C92861D2A1000CDCFA /* ProfileFeatures+ViewModifiers.swift */,
			);
			path = View;
			sourceTree = "<group>";
		};
		725E601D2868C70700B5B757 /* New Group */ = {
			isa = PBXGroup;
			children = (
				725E601E2868C73600B5B757 /* GenresViewModel.swift */,
			);
			path = "New Group";
			sourceTree = "<group>";
		};
		7263379727C67362001D59FE /* API */ = {
			isa = PBXGroup;
			children = (
				7263379827C6738F001D59FE /* ImageUploaderService.swift */,
				7263379A27C6739C001D59FE /* AuthService.swift */,
				722FCC9827CFD72400126903 /* UserService.swift */,
				72E5DE5D27F3900600818DC0 /* BookService.swift */,
				72BCE28E284F843B00434F9F /* ReviewService.swift */,
				72040380285C085B0022F6E1 /* PostService.swift */,
			);
			path = API;
			sourceTree = "<group>";
		};
		7263379C27C67583001D59FE /* Model */ = {
			isa = PBXGroup;
			children = (
				726337A027C675B7001D59FE /* SignUpModel.swift */,
			);
			path = Model;
			sourceTree = "<group>";
		};
		7263379D27C6758C001D59FE /* Model */ = {
			isa = PBXGroup;
			children = (
				7263379E27C675A6001D59FE /* LoginModel.swift */,
			);
			path = Model;
			sourceTree = "<group>";
		};
		726337A227C6769F001D59FE /* Shapes */ = {
			isa = PBXGroup;
			children = (
				726337A327C676C0001D59FE /* LoginSignUpShapes.swift */,
				722FCCA027D008AD00126903 /* SearchShapes.swift */,
			);
			path = Shapes;
			sourceTree = "<group>";
		};
		726D708A27D63690001EE64F /* PeopleSearch */ = {
			isa = PBXGroup;
			children = (
				72E5DE6227F3958300818DC0 /* Model */,
				726D708C27D636B7001EE64F /* ViewModel */,
				726D708B27D636A8001EE64F /* View */,
			);
			path = PeopleSearch;
			sourceTree = "<group>";
		};
		726D708B27D636A8001EE64F /* View */ = {
			isa = PBXGroup;
			children = (
				722FCCA727D00C6200126903 /* PeopleSearchView.swift */,
			);
			path = View;
			sourceTree = "<group>";
		};
		726D708C27D636B7001EE64F /* ViewModel */ = {
			isa = PBXGroup;
			children = (
				726D709027D6370A001EE64F /* PeopleSearchViewModel.swift */,
			);
			path = ViewModel;
			sourceTree = "<group>";
		};
		726D708D27D636CB001EE64F /* BookSearch */ = {
			isa = PBXGroup;
			children = (
				72BCE290284FC01D00434F9F /* Review */,
				72E5DE5F27F393A300818DC0 /* Model */,
				726D708F27D636D5001EE64F /* ViewModel */,
				726D708E27D636D1001EE64F /* View */,
			);
			path = BookSearch;
			sourceTree = "<group>";
		};
		726D708E27D636D1001EE64F /* View */ = {
			isa = PBXGroup;
			children = (
				722FCCA527D00A3B00126903 /* BookSearchView.swift */,
				72E5DE6527F39BC600818DC0 /* BookView.swift */,
				72E5DE6727F3A5F900818DC0 /* AddBookView.swift */,
			);
			path = View;
			sourceTree = "<group>";
		};
		726D708F27D636D5001EE64F /* ViewModel */ = {
			isa = PBXGroup;
			children = (
				72ACD6D92824584C00A7D3E6 /* BookSearchViewModel.swift */,
				728A70EB2844111D00E95B0D /* AddBookReviewViewModel.swift */,
			);
			path = ViewModel;
			sourceTree = "<group>";
		};
		728928372873615400487722 /* Statistics */ = {
			isa = PBXGroup;
			children = (
				728928392873616300487722 /* ViewModel */,
				728928382873615C00487722 /* View */,
			);
			path = Statistics;
			sourceTree = "<group>";
		};
		728928382873615C00487722 /* View */ = {
			isa = PBXGroup;
			children = (
				7289283A2873617600487722 /* StatisticsView.swift */,
				7289283C28736B4B00487722 /* BarChart.swift */,
				723D40C128747FB0009DD540 /* LineChart.swift */,
			);
			path = View;
			sourceTree = "<group>";
		};
		728928392873616300487722 /* ViewModel */ = {
			isa = PBXGroup;
			children = (
				728928412873802500487722 /* StatisticsViewModel.swift */,
			);
			path = ViewModel;
			sourceTree = "<group>";
		};
		728A70ED284414D000E95B0D /* Poppins */ = {
			isa = PBXGroup;
			children = (
				728A70EE284414D000E95B0D /* Poppins-ExtraLight.ttf */,
				728A70EF284414D000E95B0D /* Poppins-ThinItalic.ttf */,
				728A70F0284414D000E95B0D /* Poppins-ExtraLightItalic.ttf */,
				728A70F1284414D000E95B0D /* Poppins-BoldItalic.ttf */,
				728A70F2284414D000E95B0D /* Poppins-Light.ttf */,
				728A70F3284414D000E95B0D /* Poppins-Medium.ttf */,
				728A70F4284414D000E95B0D /* Poppins-SemiBoldItalic.ttf */,
				728A70F5284414D000E95B0D /* Poppins-ExtraBoldItalic.ttf */,
				728A70F6284414D000E95B0D /* Poppins-ExtraBold.ttf */,
				728A70F7284414D000E95B0D /* Poppins-BlackItalic.ttf */,
				728A70F8284414D000E95B0D /* OFL.txt */,
				728A70F9284414D000E95B0D /* Poppins-Regular.ttf */,
				728A70FA284414D000E95B0D /* Poppins-LightItalic.ttf */,
				728A70FB284414D000E95B0D /* Poppins-Bold.ttf */,
				728A70FC284414D000E95B0D /* Poppins-Black.ttf */,
				728A70FD284414D000E95B0D /* Poppins-Thin.ttf */,
				728A70FE284414D000E95B0D /* Poppins-SemiBold.ttf */,
				728A70FF284414D000E95B0D /* Poppins-Italic.ttf */,
				728A7100284414D000E95B0D /* Poppins-MediumItalic.ttf */,
			);
			path = Poppins;
			sourceTree = "<group>";
		};
		72B2C8F927C00A7500554C72 = {
			isa = PBXGroup;
			children = (
				72B2C90427C00A7500554C72 /* booksta */,
				72B2C91E27C00A7E00554C72 /* bookstaTests */,
				72B2C92827C00A7E00554C72 /* bookstaUITests */,
				72B2C90327C00A7500554C72 /* Products */,
				9CB63DD51F51E7B07009E757 /* Pods */,
				C4E1235CE240B0799A5566DF /* Frameworks */,
			);
			sourceTree = "<group>";
		};
		72B2C90327C00A7500554C72 /* Products */ = {
			isa = PBXGroup;
			children = (
				72B2C90227C00A7500554C72 /* booksta.app */,
				72B2C91B27C00A7E00554C72 /* bookstaTests.xctest */,
				72B2C92527C00A7E00554C72 /* bookstaUITests.xctest */,
			);
			name = Products;
			sourceTree = "<group>";
		};
		72B2C90427C00A7500554C72 /* booksta */ = {
			isa = PBXGroup;
			children = (
				726337A527C6938F001D59FE /* GoogleService-Info.plist */,
				7263379727C67362001D59FE /* API */,
				72CDE62227C2ED8700C83327 /* TabBarElements */,
				72B2C93827C00AA300554C72 /* WelcomePage */,
				72B2C90527C00A7500554C72 /* AppDelegate.swift */,
				72ED9C8027C047CC00EEC6CB /* SceneDelegate.swift */,
				72B2C93E27C0213700554C72 /* Resources */,
				72B2C91327C00A7D00554C72 /* LaunchScreen.storyboard */,
				72B2C91627C00A7D00554C72 /* Info.plist */,
				72B2C90E27C00A7500554C72 /* booksta.xcdatamodeld */,
				72ED9C7E27C0444700EEC6CB /* NewApp.swift */,
				7224499D27CD5C1A002104F7 /* RootView.swift */,
				725D89CF286F0497002E05FB /* MainCheck.swift */,
			);
			path = booksta;
			sourceTree = "<group>";
		};
		72B2C91E27C00A7E00554C72 /* bookstaTests */ = {
			isa = PBXGroup;
			children = (
				72B2C91F27C00A7E00554C72 /* bookstaTests.swift */,
			);
			path = bookstaTests;
			sourceTree = "<group>";
		};
		72B2C92827C00A7E00554C72 /* bookstaUITests */ = {
			isa = PBXGroup;
			children = (
				72B2C92927C00A7E00554C72 /* bookstaUITests.swift */,
				72B2C92B27C00A7E00554C72 /* bookstaUITestsLaunchTests.swift */,
			);
			path = bookstaUITests;
			sourceTree = "<group>";
		};
		72B2C93827C00AA300554C72 /* WelcomePage */ = {
			isa = PBXGroup;
			children = (
				72ED9C8727C1CB3100EEC6CB /* SignUp */,
				72ED9C8427C1CA8400EEC6CB /* Login */,
				72ED9C8327C1CA7000EEC6CB /* Home */,
			);
			path = WelcomePage;
			sourceTree = "<group>";
		};
		72B2C93B27C01B9D00554C72 /* ViewModel */ = {
			isa = PBXGroup;
			children = (
			);
			path = ViewModel;
			sourceTree = "<group>";
		};
		72B2C93E27C0213700554C72 /* Resources */ = {
			isa = PBXGroup;
			children = (
				728A70ED284414D000E95B0D /* Poppins */,
				722FCC9A27CFD74E00126903 /* Utils */,
				72D9562E27C6C3F3006C0D88 /* Extensions */,
				726337A227C6769F001D59FE /* Shapes */,
				72B2C91127C00A7D00554C72 /* Assets.xcassets */,
				72B2C93F27C0215500554C72 /* Color+Extension.swift */,
				72B2C94127C0229F00554C72 /* Colors.xcassets */,
				72ED9C7C27C03E3B00EEC6CB /* CustomDivider.swift */,
			);
			path = Resources;
			sourceTree = "<group>";
		};
		72BCE285284F687000434F9F /* FeedTabItem */ = {
			isa = PBXGroup;
			children = (
				72040382285C50ED0022F6E1 /* Post */,
				72040379285BEE080022F6E1 /* AddPost */,
				72040383285C50FD0022F6E1 /* Feed */,
			);
			path = FeedTabItem;
			sourceTree = "<group>";
		};
		72BCE286284F687C00434F9F /* View */ = {
			isa = PBXGroup;
			children = (
				72BCE288284F694700434F9F /* FeedView.swift */,
			);
			path = View;
			sourceTree = "<group>";
		};
		72BCE287284F688100434F9F /* ViewModel */ = {
			isa = PBXGroup;
			children = (
				72040388285C53130022F6E1 /* FeedViewModel.swift */,
			);
			path = ViewModel;
			sourceTree = "<group>";
		};
		72BCE290284FC01D00434F9F /* Review */ = {
			isa = PBXGroup;
			children = (
				72BCE28A284F6E4500434F9F /* AddReviewView.swift */,
				72BCE291284FC03F00434F9F /* ReviewModel.swift */,
			);
			path = Review;
			sourceTree = "<group>";
		};
		72CDE62227C2ED8700C83327 /* TabBarElements */ = {
			isa = PBXGroup;
			children = (
				728928372873615400487722 /* Statistics */,
				72BCE285284F687000434F9F /* FeedTabItem */,
				722FCCA227D00A1600126903 /* SearchTabItem */,
				722883E727C9792B006EB7A4 /* TabBar */,
				72CDE62327C2ED9000C83327 /* ProfileTab */,
			);
			path = TabBarElements;
			sourceTree = "<group>";
		};
		72CDE62327C2ED9000C83327 /* ProfileTab */ = {
			isa = PBXGroup;
			children = (
				7257A291285F5C260032A3EF /* ProfileFeatures */,
				72F0C68427D7803500BA8789 /* MainProfile */,
				72F0C68327D7802C00BA8789 /* UserProfile */,
				729B99C72861B80D000CDCFA /* ProfileViewModel.swift */,
			);
			path = ProfileTab;
			sourceTree = "<group>";
		};
		72CDE62427C2EDC700C83327 /* View */ = {
			isa = PBXGroup;
			children = (
				72CDE62527C2EDD700C83327 /* MainProfileView.swift */,
				7257A2952860792E0032A3EF /* EditProfileView.swift */,
				725E601B28672CE900B5B757 /* AddGenreView.swift */,
			);
			path = View;
			sourceTree = "<group>";
		};
		72D9562E27C6C3F3006C0D88 /* Extensions */ = {
			isa = PBXGroup;
			children = (
				72D9562F27C6C405006C0D88 /* View+Extension.swift */,
				72C0185527C6E6ED0049D04B /* AppDelegate+Injection.swift */,
				72BCE293284FC79E00434F9F /* URL+Extension.swift */,
			);
			path = Extensions;
			sourceTree = "<group>";
		};
		72D9563127C6C81C006C0D88 /* ViewModel */ = {
			isa = PBXGroup;
			children = (
				72D9563227C6C829006C0D88 /* MainProfileViewModel.swift */,
				728863E128660AAA007F1B7F /* EditProfileViewModel.swift */,
			);
			path = ViewModel;
			sourceTree = "<group>";
		};
		72E5DE5F27F393A300818DC0 /* Model */ = {
			isa = PBXGroup;
			children = (
				72E5DE6027F393B600818DC0 /* BookModel.swift */,
			);
			path = Model;
			sourceTree = "<group>";
		};
		72E5DE6227F3958300818DC0 /* Model */ = {
			isa = PBXGroup;
			children = (
				72E5DE6327F3959300818DC0 /* AuthorModel.swift */,
			);
			path = Model;
			sourceTree = "<group>";
		};
		72ED9C8227C0489100EEC6CB /* View */ = {
			isa = PBXGroup;
			children = (
				72ED9C8527C1CB1A00EEC6CB /* HomeView.swift */,
			);
			path = View;
			sourceTree = "<group>";
		};
		72ED9C8327C1CA7000EEC6CB /* Home */ = {
			isa = PBXGroup;
			children = (
				72B2C93B27C01B9D00554C72 /* ViewModel */,
				72ED9C8227C0489100EEC6CB /* View */,
			);
			path = Home;
			sourceTree = "<group>";
		};
		72ED9C8427C1CA8400EEC6CB /* Login */ = {
			isa = PBXGroup;
			children = (
				7263379D27C6758C001D59FE /* Model */,
				72ED9C8D27C1CB8700EEC6CB /* ViewModel */,
				72ED9C8C27C1CB7F00EEC6CB /* View */,
			);
			path = Login;
			sourceTree = "<group>";
		};
		72ED9C8727C1CB3100EEC6CB /* SignUp */ = {
			isa = PBXGroup;
			children = (
				7263379C27C67583001D59FE /* Model */,
				72ED9C8B27C1CB7100EEC6CB /* ViewModel */,
				72ED9C8A27C1CB6800EEC6CB /* View */,
			);
			path = SignUp;
			sourceTree = "<group>";
		};
		72ED9C8A27C1CB6800EEC6CB /* View */ = {
			isa = PBXGroup;
			children = (
				72ED9C8827C1CB3E00EEC6CB /* SignUpView.swift */,
			);
			path = View;
			sourceTree = "<group>";
		};
		72ED9C8B27C1CB7100EEC6CB /* ViewModel */ = {
			isa = PBXGroup;
			children = (
				72CDE62027C2E61400C83327 /* SignUpViewModel.swift */,
			);
			path = ViewModel;
			sourceTree = "<group>";
		};
		72ED9C8C27C1CB7F00EEC6CB /* View */ = {
			isa = PBXGroup;
			children = (
				72B2C93927C00AC600554C72 /* LoginView.swift */,
			);
			path = View;
			sourceTree = "<group>";
		};
		72ED9C8D27C1CB8700EEC6CB /* ViewModel */ = {
			isa = PBXGroup;
			children = (
				72B2C93C27C01BB100554C72 /* LoginViewModel.swift */,
			);
			path = ViewModel;
			sourceTree = "<group>";
		};
		72F0C68327D7802C00BA8789 /* UserProfile */ = {
			isa = PBXGroup;
			children = (
				72F0C68527D7805600BA8789 /* UserProfileView.swift */,
				722452D827D947AA008B215B /* UserProfileViewModel.swift */,
			);
			path = UserProfile;
			sourceTree = "<group>";
		};
		72F0C68427D7803500BA8789 /* MainProfile */ = {
			isa = PBXGroup;
			children = (
				72CDE62427C2EDC700C83327 /* View */,
				72D9563127C6C81C006C0D88 /* ViewModel */,
				722FCC9D27CFE4D300126903 /* Model */,
			);
			path = MainProfile;
			sourceTree = "<group>";
		};
		9CB63DD51F51E7B07009E757 /* Pods */ = {
			isa = PBXGroup;
			children = (
				88C19BC7C1267F03743A76D3 /* Pods-booksta.debug.xcconfig */,
				87AC8975AE7B67C9A154FC23 /* Pods-booksta.release.xcconfig */,
				8DA1B6788ABD24B522CDEF94 /* Pods-booksta-bookstaUITests.debug.xcconfig */,
				E20F1F22D5B99AAB65103E82 /* Pods-booksta-bookstaUITests.release.xcconfig */,
				1DBDE22E3F1A34F571EEF9C8 /* Pods-bookstaTests.debug.xcconfig */,
				13D5265699A2DEC64800924F /* Pods-bookstaTests.release.xcconfig */,
			);
			path = Pods;
			sourceTree = "<group>";
		};
		C4E1235CE240B0799A5566DF /* Frameworks */ = {
			isa = PBXGroup;
			children = (
				17584B70769625452ABB2174 /* Pods_booksta.framework */,
				DF6FC2CC0B8AAFABF29F649B /* Pods_booksta_bookstaUITests.framework */,
				00A3EC6398F3FF5DA79F2F50 /* Pods_bookstaTests.framework */,
			);
			name = Frameworks;
			sourceTree = "<group>";
		};
/* End PBXGroup section */

/* Begin PBXNativeTarget section */
		72B2C90127C00A7500554C72 /* booksta */ = {
			isa = PBXNativeTarget;
			buildConfigurationList = 72B2C92F27C00A7E00554C72 /* Build configuration list for PBXNativeTarget "booksta" */;
			buildPhases = (
				0C3B4E11CBA300BAF038DE4B /* [CP] Check Pods Manifest.lock */,
				72B2C8FE27C00A7500554C72 /* Sources */,
				72B2C8FF27C00A7500554C72 /* Frameworks */,
				72B2C90027C00A7500554C72 /* Resources */,
				DC9110E7EF4EBB167E269B6B /* [CP] Embed Pods Frameworks */,
			);
			buildRules = (
			);
			dependencies = (
			);
			name = booksta;
			productName = booksta;
			productReference = 72B2C90227C00A7500554C72 /* booksta.app */;
			productType = "com.apple.product-type.application";
		};
		72B2C91A27C00A7E00554C72 /* bookstaTests */ = {
			isa = PBXNativeTarget;
			buildConfigurationList = 72B2C93227C00A7E00554C72 /* Build configuration list for PBXNativeTarget "bookstaTests" */;
			buildPhases = (
				E58F8B43750D2687B952A0C0 /* [CP] Check Pods Manifest.lock */,
				72B2C91727C00A7E00554C72 /* Sources */,
				72B2C91827C00A7E00554C72 /* Frameworks */,
				72B2C91927C00A7E00554C72 /* Resources */,
			);
			buildRules = (
			);
			dependencies = (
				72B2C91D27C00A7E00554C72 /* PBXTargetDependency */,
			);
			name = bookstaTests;
			productName = bookstaTests;
			productReference = 72B2C91B27C00A7E00554C72 /* bookstaTests.xctest */;
			productType = "com.apple.product-type.bundle.unit-test";
		};
		72B2C92427C00A7E00554C72 /* bookstaUITests */ = {
			isa = PBXNativeTarget;
			buildConfigurationList = 72B2C93527C00A7E00554C72 /* Build configuration list for PBXNativeTarget "bookstaUITests" */;
			buildPhases = (
				65E3BBF8464EFAE99E85C18D /* [CP] Check Pods Manifest.lock */,
				72B2C92127C00A7E00554C72 /* Sources */,
				72B2C92227C00A7E00554C72 /* Frameworks */,
				72B2C92327C00A7E00554C72 /* Resources */,
				3596640470BC600F03320581 /* [CP] Embed Pods Frameworks */,
			);
			buildRules = (
			);
			dependencies = (
				72B2C92727C00A7E00554C72 /* PBXTargetDependency */,
			);
			name = bookstaUITests;
			productName = bookstaUITests;
			productReference = 72B2C92527C00A7E00554C72 /* bookstaUITests.xctest */;
			productType = "com.apple.product-type.bundle.ui-testing";
		};
/* End PBXNativeTarget section */

/* Begin PBXProject section */
		72B2C8FA27C00A7500554C72 /* Project object */ = {
			isa = PBXProject;
			attributes = {
				BuildIndependentTargetsInParallel = 1;
				LastSwiftUpdateCheck = 1320;
				LastUpgradeCheck = 1320;
				TargetAttributes = {
					72B2C90127C00A7500554C72 = {
						CreatedOnToolsVersion = 13.2.1;
					};
					72B2C91A27C00A7E00554C72 = {
						CreatedOnToolsVersion = 13.2.1;
						TestTargetID = 72B2C90127C00A7500554C72;
					};
					72B2C92427C00A7E00554C72 = {
						CreatedOnToolsVersion = 13.2.1;
						TestTargetID = 72B2C90127C00A7500554C72;
					};
				};
			};
			buildConfigurationList = 72B2C8FD27C00A7500554C72 /* Build configuration list for PBXProject "booksta" */;
			compatibilityVersion = "Xcode 13.0";
			developmentRegion = en;
			hasScannedForEncodings = 0;
			knownRegions = (
				en,
				Base,
			);
			mainGroup = 72B2C8F927C00A7500554C72;
			productRefGroup = 72B2C90327C00A7500554C72 /* Products */;
			projectDirPath = "";
			projectRoot = "";
			targets = (
				72B2C90127C00A7500554C72 /* booksta */,
				72B2C91A27C00A7E00554C72 /* bookstaTests */,
				72B2C92427C00A7E00554C72 /* bookstaUITests */,
			);
		};
/* End PBXProject section */

/* Begin PBXResourcesBuildPhase section */
		72B2C90027C00A7500554C72 /* Resources */ = {
			isa = PBXResourcesBuildPhase;
			buildActionMask = 2147483647;
			files = (
				728A710D284414D000E95B0D /* Poppins-LightItalic.ttf in Resources */,
				728A710E284414D000E95B0D /* Poppins-Bold.ttf in Resources */,
				728A710B284414D000E95B0D /* OFL.txt in Resources */,
				728A7108284414D000E95B0D /* Poppins-ExtraBoldItalic.ttf in Resources */,
				728A7107284414D000E95B0D /* Poppins-SemiBoldItalic.ttf in Resources */,
				728A710F284414D000E95B0D /* Poppins-Black.ttf in Resources */,
				728A7101284414D000E95B0D /* Poppins-ExtraLight.ttf in Resources */,
				728A7105284414D000E95B0D /* Poppins-Light.ttf in Resources */,
				728A7103284414D000E95B0D /* Poppins-ExtraLightItalic.ttf in Resources */,
				728A7110284414D000E95B0D /* Poppins-Thin.ttf in Resources */,
				72B2C91527C00A7D00554C72 /* LaunchScreen.storyboard in Resources */,
				728A710C284414D000E95B0D /* Poppins-Regular.ttf in Resources */,
				726337A627C6938F001D59FE /* GoogleService-Info.plist in Resources */,
				728A7102284414D000E95B0D /* Poppins-ThinItalic.ttf in Resources */,
				728A710A284414D000E95B0D /* Poppins-BlackItalic.ttf in Resources */,
				728A7111284414D000E95B0D /* Poppins-SemiBold.ttf in Resources */,
				72B2C94227C0229F00554C72 /* Colors.xcassets in Resources */,
				72B2C91227C00A7D00554C72 /* Assets.xcassets in Resources */,
				728A7112284414D000E95B0D /* Poppins-Italic.ttf in Resources */,
				728A7104284414D000E95B0D /* Poppins-BoldItalic.ttf in Resources */,
				728A7106284414D000E95B0D /* Poppins-Medium.ttf in Resources */,
				728A7113284414D000E95B0D /* Poppins-MediumItalic.ttf in Resources */,
				728A7109284414D000E95B0D /* Poppins-ExtraBold.ttf in Resources */,
			);
			runOnlyForDeploymentPostprocessing = 0;
		};
		72B2C91927C00A7E00554C72 /* Resources */ = {
			isa = PBXResourcesBuildPhase;
			buildActionMask = 2147483647;
			files = (
			);
			runOnlyForDeploymentPostprocessing = 0;
		};
		72B2C92327C00A7E00554C72 /* Resources */ = {
			isa = PBXResourcesBuildPhase;
			buildActionMask = 2147483647;
			files = (
			);
			runOnlyForDeploymentPostprocessing = 0;
		};
/* End PBXResourcesBuildPhase section */

/* Begin PBXShellScriptBuildPhase section */
		0C3B4E11CBA300BAF038DE4B /* [CP] Check Pods Manifest.lock */ = {
			isa = PBXShellScriptBuildPhase;
			buildActionMask = 2147483647;
			files = (
			);
			inputFileListPaths = (
			);
			inputPaths = (
				"${PODS_PODFILE_DIR_PATH}/Podfile.lock",
				"${PODS_ROOT}/Manifest.lock",
			);
			name = "[CP] Check Pods Manifest.lock";
			outputFileListPaths = (
			);
			outputPaths = (
				"$(DERIVED_FILE_DIR)/Pods-booksta-checkManifestLockResult.txt",
			);
			runOnlyForDeploymentPostprocessing = 0;
			shellPath = /bin/sh;
			shellScript = "diff \"${PODS_PODFILE_DIR_PATH}/Podfile.lock\" \"${PODS_ROOT}/Manifest.lock\" > /dev/null\nif [ $? != 0 ] ; then\n    # print error to STDERR\n    echo \"error: The sandbox is not in sync with the Podfile.lock. Run 'pod install' or update your CocoaPods installation.\" >&2\n    exit 1\nfi\n# This output is used by Xcode 'outputs' to avoid re-running this script phase.\necho \"SUCCESS\" > \"${SCRIPT_OUTPUT_FILE_0}\"\n";
			showEnvVarsInLog = 0;
		};
		3596640470BC600F03320581 /* [CP] Embed Pods Frameworks */ = {
			isa = PBXShellScriptBuildPhase;
			buildActionMask = 2147483647;
			files = (
			);
			inputFileListPaths = (
				"${PODS_ROOT}/Target Support Files/Pods-booksta-bookstaUITests/Pods-booksta-bookstaUITests-frameworks-${CONFIGURATION}-input-files.xcfilelist",
			);
			name = "[CP] Embed Pods Frameworks";
			outputFileListPaths = (
				"${PODS_ROOT}/Target Support Files/Pods-booksta-bookstaUITests/Pods-booksta-bookstaUITests-frameworks-${CONFIGURATION}-output-files.xcfilelist",
			);
			runOnlyForDeploymentPostprocessing = 0;
			shellPath = /bin/sh;
			shellScript = "\"${PODS_ROOT}/Target Support Files/Pods-booksta-bookstaUITests/Pods-booksta-bookstaUITests-frameworks.sh\"\n";
			showEnvVarsInLog = 0;
		};
		65E3BBF8464EFAE99E85C18D /* [CP] Check Pods Manifest.lock */ = {
			isa = PBXShellScriptBuildPhase;
			buildActionMask = 2147483647;
			files = (
			);
			inputFileListPaths = (
			);
			inputPaths = (
				"${PODS_PODFILE_DIR_PATH}/Podfile.lock",
				"${PODS_ROOT}/Manifest.lock",
			);
			name = "[CP] Check Pods Manifest.lock";
			outputFileListPaths = (
			);
			outputPaths = (
				"$(DERIVED_FILE_DIR)/Pods-booksta-bookstaUITests-checkManifestLockResult.txt",
			);
			runOnlyForDeploymentPostprocessing = 0;
			shellPath = /bin/sh;
			shellScript = "diff \"${PODS_PODFILE_DIR_PATH}/Podfile.lock\" \"${PODS_ROOT}/Manifest.lock\" > /dev/null\nif [ $? != 0 ] ; then\n    # print error to STDERR\n    echo \"error: The sandbox is not in sync with the Podfile.lock. Run 'pod install' or update your CocoaPods installation.\" >&2\n    exit 1\nfi\n# This output is used by Xcode 'outputs' to avoid re-running this script phase.\necho \"SUCCESS\" > \"${SCRIPT_OUTPUT_FILE_0}\"\n";
			showEnvVarsInLog = 0;
		};
		DC9110E7EF4EBB167E269B6B /* [CP] Embed Pods Frameworks */ = {
			isa = PBXShellScriptBuildPhase;
			buildActionMask = 2147483647;
			files = (
			);
			inputFileListPaths = (
				"${PODS_ROOT}/Target Support Files/Pods-booksta/Pods-booksta-frameworks-${CONFIGURATION}-input-files.xcfilelist",
			);
			name = "[CP] Embed Pods Frameworks";
			outputFileListPaths = (
				"${PODS_ROOT}/Target Support Files/Pods-booksta/Pods-booksta-frameworks-${CONFIGURATION}-output-files.xcfilelist",
			);
			runOnlyForDeploymentPostprocessing = 0;
			shellPath = /bin/sh;
			shellScript = "\"${PODS_ROOT}/Target Support Files/Pods-booksta/Pods-booksta-frameworks.sh\"\n";
			showEnvVarsInLog = 0;
		};
		E58F8B43750D2687B952A0C0 /* [CP] Check Pods Manifest.lock */ = {
			isa = PBXShellScriptBuildPhase;
			buildActionMask = 2147483647;
			files = (
			);
			inputFileListPaths = (
			);
			inputPaths = (
				"${PODS_PODFILE_DIR_PATH}/Podfile.lock",
				"${PODS_ROOT}/Manifest.lock",
			);
			name = "[CP] Check Pods Manifest.lock";
			outputFileListPaths = (
			);
			outputPaths = (
				"$(DERIVED_FILE_DIR)/Pods-bookstaTests-checkManifestLockResult.txt",
			);
			runOnlyForDeploymentPostprocessing = 0;
			shellPath = /bin/sh;
			shellScript = "diff \"${PODS_PODFILE_DIR_PATH}/Podfile.lock\" \"${PODS_ROOT}/Manifest.lock\" > /dev/null\nif [ $? != 0 ] ; then\n    # print error to STDERR\n    echo \"error: The sandbox is not in sync with the Podfile.lock. Run 'pod install' or update your CocoaPods installation.\" >&2\n    exit 1\nfi\n# This output is used by Xcode 'outputs' to avoid re-running this script phase.\necho \"SUCCESS\" > \"${SCRIPT_OUTPUT_FILE_0}\"\n";
			showEnvVarsInLog = 0;
		};
/* End PBXShellScriptBuildPhase section */

/* Begin PBXSourcesBuildPhase section */
		72B2C8FE27C00A7500554C72 /* Sources */ = {
			isa = PBXSourcesBuildPhase;
			buildActionMask = 2147483647;
			files = (
				7257A294285F5C5F0032A3EF /* ProfileFeatures.swift in Sources */,
				7257A290285F2F970032A3EF /* PostViewModel.swift in Sources */,
				722452D727D92EC7008B215B /* Buttons.swift in Sources */,
				725D89CC286DE8ED002E05FB /* GeneralSearchViewModel.swift in Sources */,
				723D40C228747FB0009DD540 /* LineChart.swift in Sources */,
				72ED9C7D27C03E3B00EEC6CB /* CustomDivider.swift in Sources */,
				72667F6727D168E700EAB2D4 /* SecondAttempt.swift in Sources */,
				728A70EC2844111D00E95B0D /* AddBookReviewViewModel.swift in Sources */,
				72D9563327C6C829006C0D88 /* MainProfileViewModel.swift in Sources */,
				72CDE62627C2EDD700C83327 /* MainProfileView.swift in Sources */,
				722FCC9C27CFD77100126903 /* Collections.swift in Sources */,
				726337A127C675B7001D59FE /* SignUpModel.swift in Sources */,
				725D89CA286DB25F002E05FB /* BookRecommenderAPI.swift in Sources */,
				7218E96527E0D9FA00BDE6B2 /* ImagePicker.swift in Sources */,
				72A1C93D27D4FE9B0070E344 /* SearchBar.swift in Sources */,
				7204037D285BEE2C0022F6E1 /* AddPostView.swift in Sources */,
				72C0185627C6E6ED0049D04B /* AppDelegate+Injection.swift in Sources */,
				729B99C82861B80D000CDCFA /* ProfileViewModel.swift in Sources */,
				72BCE292284FC03F00434F9F /* ReviewModel.swift in Sources */,
				72ED9C7F27C0444700EEC6CB /* NewApp.swift in Sources */,
				72BCE28D284F77FC00434F9F /* StarView.swift in Sources */,
				7289283D28736B4B00487722 /* BarChart.swift in Sources */,
				72ED9C8127C047CC00EEC6CB /* SceneDelegate.swift in Sources */,
				728928362872F95900487722 /* RefreshViewModifier.swift in Sources */,
				7204037F285BFD130022F6E1 /* AddPostViewModel.swift in Sources */,
				725E601C28672CE900B5B757 /* AddGenreView.swift in Sources */,
				7289283B2873617600487722 /* StatisticsView.swift in Sources */,
				722FCC9F27CFE66900126903 /* UserModel.swift in Sources */,
				725E601F2868C73600B5B757 /* GenresViewModel.swift in Sources */,
				722FCCA627D00A3B00126903 /* BookSearchView.swift in Sources */,
				72667F6527D1608A00EAB2D4 /* GeneralSearchView.swift in Sources */,
				722FCCA127D008AD00126903 /* SearchShapes.swift in Sources */,
				725D89CE286DEE5F002E05FB /* FilterView.swift in Sources */,
				722FCC9927CFD72400126903 /* UserService.swift in Sources */,
				72ED9C8627C1CB1A00EEC6CB /* HomeView.swift in Sources */,
				722452D927D947AA008B215B /* UserProfileViewModel.swift in Sources */,
				728863E228660AAA007F1B7F /* EditProfileViewModel.swift in Sources */,
				72BCE28B284F6E4500434F9F /* AddReviewView.swift in Sources */,
				7263379F27C675A6001D59FE /* LoginModel.swift in Sources */,
				724C2B392850AF78003CE1B5 /* BookstaImage.swift in Sources */,
				7263379927C6738F001D59FE /* ImageUploaderService.swift in Sources */,
				72040385285C510E0022F6E1 /* PostView.swift in Sources */,
				72E5DE6427F3959300818DC0 /* AuthorModel.swift in Sources */,
				7257A29828607ED40032A3EF /* NavigationBar.swift in Sources */,
				72BCE294284FC79E00434F9F /* URL+Extension.swift in Sources */,
				7224499E27CD5C1A002104F7 /* RootView.swift in Sources */,
				72ED9C8927C1CB3E00EEC6CB /* SignUpView.swift in Sources */,
				720AAC9A284AC6FC0007BDA9 /* TextFields.swift in Sources */,
				729B99CA2861D2A1000CDCFA /* ProfileFeatures+ViewModifiers.swift in Sources */,
				72B2C94027C0215500554C72 /* Color+Extension.swift in Sources */,
				72B2C90627C00A7500554C72 /* AppDelegate.swift in Sources */,
				72B2C93D27C01BB100554C72 /* LoginViewModel.swift in Sources */,
				72B2C93A27C00AC600554C72 /* LoginView.swift in Sources */,
				726D709327D63DE6001EE64F /* DataState.swift in Sources */,
				72E5DE5E27F3900600818DC0 /* BookService.swift in Sources */,
				72040387285C51200022F6E1 /* PostModel.swift in Sources */,
				72E5DE6127F393B600818DC0 /* BookModel.swift in Sources */,
				72040389285C53130022F6E1 /* FeedViewModel.swift in Sources */,
				725D89D0286F0497002E05FB /* MainCheck.swift in Sources */,
				7263379B27C6739C001D59FE /* AuthService.swift in Sources */,
				72BCE28F284F843B00434F9F /* ReviewService.swift in Sources */,
				72E5DE6627F39BC600818DC0 /* BookView.swift in Sources */,
				722883EA27C9795B006EB7A4 /* TabBarView.swift in Sources */,
				72F0C68627D7805600BA8789 /* UserProfileView.swift in Sources */,
				72BCE289284F694700434F9F /* FeedView.swift in Sources */,
				7257A2962860792E0032A3EF /* EditProfileView.swift in Sources */,
				72CDE62127C2E61400C83327 /* SignUpViewModel.swift in Sources */,
				728928422873802500487722 /* StatisticsViewModel.swift in Sources */,
				72B2C91027C00A7500554C72 /* booksta.xcdatamodeld in Sources */,
				72D9563027C6C405006C0D88 /* View+Extension.swift in Sources */,
				72E5DE6827F3A5F900818DC0 /* AddBookView.swift in Sources */,
				72040381285C085B0022F6E1 /* PostService.swift in Sources */,
				726D709127D6370A001EE64F /* PeopleSearchViewModel.swift in Sources */,
				72ACD6DA2824584C00A7D3E6 /* BookSearchViewModel.swift in Sources */,
				726337A427C676C0001D59FE /* LoginSignUpShapes.swift in Sources */,
				722FCCA827D00C6200126903 /* PeopleSearchView.swift in Sources */,
			);
			runOnlyForDeploymentPostprocessing = 0;
		};
		72B2C91727C00A7E00554C72 /* Sources */ = {
			isa = PBXSourcesBuildPhase;
			buildActionMask = 2147483647;
			files = (
				72B2C92027C00A7E00554C72 /* bookstaTests.swift in Sources */,
			);
			runOnlyForDeploymentPostprocessing = 0;
		};
		72B2C92127C00A7E00554C72 /* Sources */ = {
			isa = PBXSourcesBuildPhase;
			buildActionMask = 2147483647;
			files = (
				72B2C92C27C00A7E00554C72 /* bookstaUITestsLaunchTests.swift in Sources */,
				72B2C92A27C00A7E00554C72 /* bookstaUITests.swift in Sources */,
			);
			runOnlyForDeploymentPostprocessing = 0;
		};
/* End PBXSourcesBuildPhase section */

/* Begin PBXTargetDependency section */
		72B2C91D27C00A7E00554C72 /* PBXTargetDependency */ = {
			isa = PBXTargetDependency;
			target = 72B2C90127C00A7500554C72 /* booksta */;
			targetProxy = 72B2C91C27C00A7E00554C72 /* PBXContainerItemProxy */;
		};
		72B2C92727C00A7E00554C72 /* PBXTargetDependency */ = {
			isa = PBXTargetDependency;
			target = 72B2C90127C00A7500554C72 /* booksta */;
			targetProxy = 72B2C92627C00A7E00554C72 /* PBXContainerItemProxy */;
		};
/* End PBXTargetDependency section */

/* Begin PBXVariantGroup section */
		72B2C91327C00A7D00554C72 /* LaunchScreen.storyboard */ = {
			isa = PBXVariantGroup;
			children = (
				72B2C91427C00A7D00554C72 /* Base */,
			);
			name = LaunchScreen.storyboard;
			sourceTree = "<group>";
		};
/* End PBXVariantGroup section */

/* Begin XCBuildConfiguration section */
		72B2C92D27C00A7E00554C72 /* Debug */ = {
			isa = XCBuildConfiguration;
			buildSettings = {
				ALWAYS_SEARCH_USER_PATHS = NO;
				CLANG_ANALYZER_NONNULL = YES;
				CLANG_ANALYZER_NUMBER_OBJECT_CONVERSION = YES_AGGRESSIVE;
				CLANG_CXX_LANGUAGE_STANDARD = "gnu++17";
				CLANG_CXX_LIBRARY = "libc++";
				CLANG_ENABLE_MODULES = YES;
				CLANG_ENABLE_OBJC_ARC = YES;
				CLANG_ENABLE_OBJC_WEAK = YES;
				CLANG_WARN_BLOCK_CAPTURE_AUTORELEASING = YES;
				CLANG_WARN_BOOL_CONVERSION = YES;
				CLANG_WARN_COMMA = YES;
				CLANG_WARN_CONSTANT_CONVERSION = YES;
				CLANG_WARN_DEPRECATED_OBJC_IMPLEMENTATIONS = YES;
				CLANG_WARN_DIRECT_OBJC_ISA_USAGE = YES_ERROR;
				CLANG_WARN_DOCUMENTATION_COMMENTS = YES;
				CLANG_WARN_EMPTY_BODY = YES;
				CLANG_WARN_ENUM_CONVERSION = YES;
				CLANG_WARN_INFINITE_RECURSION = YES;
				CLANG_WARN_INT_CONVERSION = YES;
				CLANG_WARN_NON_LITERAL_NULL_CONVERSION = YES;
				CLANG_WARN_OBJC_IMPLICIT_RETAIN_SELF = YES;
				CLANG_WARN_OBJC_LITERAL_CONVERSION = YES;
				CLANG_WARN_OBJC_ROOT_CLASS = YES_ERROR;
				CLANG_WARN_QUOTED_INCLUDE_IN_FRAMEWORK_HEADER = YES;
				CLANG_WARN_RANGE_LOOP_ANALYSIS = YES;
				CLANG_WARN_STRICT_PROTOTYPES = YES;
				CLANG_WARN_SUSPICIOUS_MOVE = YES;
				CLANG_WARN_UNGUARDED_AVAILABILITY = YES_AGGRESSIVE;
				CLANG_WARN_UNREACHABLE_CODE = YES;
				CLANG_WARN__DUPLICATE_METHOD_MATCH = YES;
				COPY_PHASE_STRIP = NO;
				DEBUG_INFORMATION_FORMAT = dwarf;
				ENABLE_STRICT_OBJC_MSGSEND = YES;
				ENABLE_TESTABILITY = YES;
				GCC_C_LANGUAGE_STANDARD = gnu11;
				GCC_DYNAMIC_NO_PIC = NO;
				GCC_NO_COMMON_BLOCKS = YES;
				GCC_OPTIMIZATION_LEVEL = 0;
				GCC_PREPROCESSOR_DEFINITIONS = (
					"DEBUG=1",
					"$(inherited)",
				);
				GCC_WARN_64_TO_32_BIT_CONVERSION = YES;
				GCC_WARN_ABOUT_RETURN_TYPE = YES_ERROR;
				GCC_WARN_UNDECLARED_SELECTOR = YES;
				GCC_WARN_UNINITIALIZED_AUTOS = YES_AGGRESSIVE;
				GCC_WARN_UNUSED_FUNCTION = YES;
				GCC_WARN_UNUSED_VARIABLE = YES;
				IPHONEOS_DEPLOYMENT_TARGET = 15.0;
				MTL_ENABLE_DEBUG_INFO = INCLUDE_SOURCE;
				MTL_FAST_MATH = YES;
				ONLY_ACTIVE_ARCH = YES;
				SDKROOT = iphoneos;
				SWIFT_ACTIVE_COMPILATION_CONDITIONS = DEBUG;
				SWIFT_OPTIMIZATION_LEVEL = "-Onone";
			};
			name = Debug;
		};
		72B2C92E27C00A7E00554C72 /* Release */ = {
			isa = XCBuildConfiguration;
			buildSettings = {
				ALWAYS_SEARCH_USER_PATHS = NO;
				CLANG_ANALYZER_NONNULL = YES;
				CLANG_ANALYZER_NUMBER_OBJECT_CONVERSION = YES_AGGRESSIVE;
				CLANG_CXX_LANGUAGE_STANDARD = "gnu++17";
				CLANG_CXX_LIBRARY = "libc++";
				CLANG_ENABLE_MODULES = YES;
				CLANG_ENABLE_OBJC_ARC = YES;
				CLANG_ENABLE_OBJC_WEAK = YES;
				CLANG_WARN_BLOCK_CAPTURE_AUTORELEASING = YES;
				CLANG_WARN_BOOL_CONVERSION = YES;
				CLANG_WARN_COMMA = YES;
				CLANG_WARN_CONSTANT_CONVERSION = YES;
				CLANG_WARN_DEPRECATED_OBJC_IMPLEMENTATIONS = YES;
				CLANG_WARN_DIRECT_OBJC_ISA_USAGE = YES_ERROR;
				CLANG_WARN_DOCUMENTATION_COMMENTS = YES;
				CLANG_WARN_EMPTY_BODY = YES;
				CLANG_WARN_ENUM_CONVERSION = YES;
				CLANG_WARN_INFINITE_RECURSION = YES;
				CLANG_WARN_INT_CONVERSION = YES;
				CLANG_WARN_NON_LITERAL_NULL_CONVERSION = YES;
				CLANG_WARN_OBJC_IMPLICIT_RETAIN_SELF = YES;
				CLANG_WARN_OBJC_LITERAL_CONVERSION = YES;
				CLANG_WARN_OBJC_ROOT_CLASS = YES_ERROR;
				CLANG_WARN_QUOTED_INCLUDE_IN_FRAMEWORK_HEADER = YES;
				CLANG_WARN_RANGE_LOOP_ANALYSIS = YES;
				CLANG_WARN_STRICT_PROTOTYPES = YES;
				CLANG_WARN_SUSPICIOUS_MOVE = YES;
				CLANG_WARN_UNGUARDED_AVAILABILITY = YES_AGGRESSIVE;
				CLANG_WARN_UNREACHABLE_CODE = YES;
				CLANG_WARN__DUPLICATE_METHOD_MATCH = YES;
				COPY_PHASE_STRIP = NO;
				DEBUG_INFORMATION_FORMAT = "dwarf-with-dsym";
				ENABLE_NS_ASSERTIONS = NO;
				ENABLE_STRICT_OBJC_MSGSEND = YES;
				GCC_C_LANGUAGE_STANDARD = gnu11;
				GCC_NO_COMMON_BLOCKS = YES;
				GCC_WARN_64_TO_32_BIT_CONVERSION = YES;
				GCC_WARN_ABOUT_RETURN_TYPE = YES_ERROR;
				GCC_WARN_UNDECLARED_SELECTOR = YES;
				GCC_WARN_UNINITIALIZED_AUTOS = YES_AGGRESSIVE;
				GCC_WARN_UNUSED_FUNCTION = YES;
				GCC_WARN_UNUSED_VARIABLE = YES;
				IPHONEOS_DEPLOYMENT_TARGET = 15.0;
				MTL_ENABLE_DEBUG_INFO = NO;
				MTL_FAST_MATH = YES;
				SDKROOT = iphoneos;
				SWIFT_COMPILATION_MODE = wholemodule;
				SWIFT_OPTIMIZATION_LEVEL = "-O";
				VALIDATE_PRODUCT = YES;
			};
			name = Release;
		};
		72B2C93027C00A7E00554C72 /* Debug */ = {
			isa = XCBuildConfiguration;
			baseConfigurationReference = 88C19BC7C1267F03743A76D3 /* Pods-booksta.debug.xcconfig */;
			buildSettings = {
				ASSETCATALOG_COMPILER_APPICON_NAME = AppIcon;
				ASSETCATALOG_COMPILER_GLOBAL_ACCENT_COLOR_NAME = AccentColor;
				CODE_SIGN_STYLE = Automatic;
				CURRENT_PROJECT_VERSION = 1;
				DEVELOPMENT_TEAM = D7857Y672Q;
				GENERATE_INFOPLIST_FILE = YES;
				INFOPLIST_FILE = booksta/Info.plist;
				INFOPLIST_KEY_UIApplicationSupportsIndirectInputEvents = YES;
				INFOPLIST_KEY_UILaunchStoryboardName = LaunchScreen;
				INFOPLIST_KEY_UISupportedInterfaceOrientations_iPad = "UIInterfaceOrientationPortrait UIInterfaceOrientationPortraitUpsideDown UIInterfaceOrientationLandscapeLeft UIInterfaceOrientationLandscapeRight";
				INFOPLIST_KEY_UISupportedInterfaceOrientations_iPhone = "UIInterfaceOrientationPortrait UIInterfaceOrientationLandscapeLeft UIInterfaceOrientationLandscapeRight";
				IPHONEOS_DEPLOYMENT_TARGET = 15.0;
				LD_RUNPATH_SEARCH_PATHS = (
					"$(inherited)",
					"@executable_path/Frameworks",
				);
				MARKETING_VERSION = 1.0;
				PRODUCT_BUNDLE_IDENTIFIER = com.licenta.booksta;
				PRODUCT_NAME = "$(TARGET_NAME)";
				SWIFT_EMIT_LOC_STRINGS = YES;
				SWIFT_VERSION = 5.0;
				TARGETED_DEVICE_FAMILY = "1,2";
			};
			name = Debug;
		};
		72B2C93127C00A7E00554C72 /* Release */ = {
			isa = XCBuildConfiguration;
			baseConfigurationReference = 87AC8975AE7B67C9A154FC23 /* Pods-booksta.release.xcconfig */;
			buildSettings = {
				ASSETCATALOG_COMPILER_APPICON_NAME = AppIcon;
				ASSETCATALOG_COMPILER_GLOBAL_ACCENT_COLOR_NAME = AccentColor;
				CODE_SIGN_STYLE = Automatic;
				CURRENT_PROJECT_VERSION = 1;
				DEVELOPMENT_TEAM = D7857Y672Q;
				GENERATE_INFOPLIST_FILE = YES;
				INFOPLIST_FILE = booksta/Info.plist;
				INFOPLIST_KEY_UIApplicationSupportsIndirectInputEvents = YES;
				INFOPLIST_KEY_UILaunchStoryboardName = LaunchScreen;
				INFOPLIST_KEY_UISupportedInterfaceOrientations_iPad = "UIInterfaceOrientationPortrait UIInterfaceOrientationPortraitUpsideDown UIInterfaceOrientationLandscapeLeft UIInterfaceOrientationLandscapeRight";
				INFOPLIST_KEY_UISupportedInterfaceOrientations_iPhone = "UIInterfaceOrientationPortrait UIInterfaceOrientationLandscapeLeft UIInterfaceOrientationLandscapeRight";
				IPHONEOS_DEPLOYMENT_TARGET = 15.0;
				LD_RUNPATH_SEARCH_PATHS = (
					"$(inherited)",
					"@executable_path/Frameworks",
				);
				MARKETING_VERSION = 1.0;
				PRODUCT_BUNDLE_IDENTIFIER = com.licenta.booksta;
				PRODUCT_NAME = "$(TARGET_NAME)";
				SWIFT_EMIT_LOC_STRINGS = YES;
				SWIFT_VERSION = 5.0;
				TARGETED_DEVICE_FAMILY = "1,2";
			};
			name = Release;
		};
		72B2C93327C00A7E00554C72 /* Debug */ = {
			isa = XCBuildConfiguration;
			baseConfigurationReference = 1DBDE22E3F1A34F571EEF9C8 /* Pods-bookstaTests.debug.xcconfig */;
			buildSettings = {
				ALWAYS_EMBED_SWIFT_STANDARD_LIBRARIES = YES;
				BUNDLE_LOADER = "$(TEST_HOST)";
				CODE_SIGN_STYLE = Automatic;
				CURRENT_PROJECT_VERSION = 1;
				DEVELOPMENT_TEAM = D7857Y672Q;
				GENERATE_INFOPLIST_FILE = YES;
				IPHONEOS_DEPLOYMENT_TARGET = 15.2;
				MARKETING_VERSION = 1.0;
				PRODUCT_BUNDLE_IDENTIFIER = com.licenta.bookstaTests;
				PRODUCT_NAME = "$(TARGET_NAME)";
				SWIFT_EMIT_LOC_STRINGS = NO;
				SWIFT_VERSION = 5.0;
				TARGETED_DEVICE_FAMILY = "1,2";
				TEST_HOST = "$(BUILT_PRODUCTS_DIR)/booksta.app/booksta";
			};
			name = Debug;
		};
		72B2C93427C00A7E00554C72 /* Release */ = {
			isa = XCBuildConfiguration;
			baseConfigurationReference = 13D5265699A2DEC64800924F /* Pods-bookstaTests.release.xcconfig */;
			buildSettings = {
				ALWAYS_EMBED_SWIFT_STANDARD_LIBRARIES = YES;
				BUNDLE_LOADER = "$(TEST_HOST)";
				CODE_SIGN_STYLE = Automatic;
				CURRENT_PROJECT_VERSION = 1;
				DEVELOPMENT_TEAM = D7857Y672Q;
				GENERATE_INFOPLIST_FILE = YES;
				IPHONEOS_DEPLOYMENT_TARGET = 15.2;
				MARKETING_VERSION = 1.0;
				PRODUCT_BUNDLE_IDENTIFIER = com.licenta.bookstaTests;
				PRODUCT_NAME = "$(TARGET_NAME)";
				SWIFT_EMIT_LOC_STRINGS = NO;
				SWIFT_VERSION = 5.0;
				TARGETED_DEVICE_FAMILY = "1,2";
				TEST_HOST = "$(BUILT_PRODUCTS_DIR)/booksta.app/booksta";
			};
			name = Release;
		};
		72B2C93627C00A7E00554C72 /* Debug */ = {
			isa = XCBuildConfiguration;
			baseConfigurationReference = 8DA1B6788ABD24B522CDEF94 /* Pods-booksta-bookstaUITests.debug.xcconfig */;
			buildSettings = {
				ALWAYS_EMBED_SWIFT_STANDARD_LIBRARIES = YES;
				CODE_SIGN_STYLE = Automatic;
				CURRENT_PROJECT_VERSION = 1;
				DEVELOPMENT_TEAM = D7857Y672Q;
				GENERATE_INFOPLIST_FILE = YES;
				MARKETING_VERSION = 1.0;
				PRODUCT_BUNDLE_IDENTIFIER = com.licenta.bookstaUITests;
				PRODUCT_NAME = "$(TARGET_NAME)";
				SWIFT_EMIT_LOC_STRINGS = NO;
				SWIFT_VERSION = 5.0;
				TARGETED_DEVICE_FAMILY = "1,2";
				TEST_TARGET_NAME = booksta;
			};
			name = Debug;
		};
		72B2C93727C00A7E00554C72 /* Release */ = {
			isa = XCBuildConfiguration;
			baseConfigurationReference = E20F1F22D5B99AAB65103E82 /* Pods-booksta-bookstaUITests.release.xcconfig */;
			buildSettings = {
				ALWAYS_EMBED_SWIFT_STANDARD_LIBRARIES = YES;
				CODE_SIGN_STYLE = Automatic;
				CURRENT_PROJECT_VERSION = 1;
				DEVELOPMENT_TEAM = D7857Y672Q;
				GENERATE_INFOPLIST_FILE = YES;
				MARKETING_VERSION = 1.0;
				PRODUCT_BUNDLE_IDENTIFIER = com.licenta.bookstaUITests;
				PRODUCT_NAME = "$(TARGET_NAME)";
				SWIFT_EMIT_LOC_STRINGS = NO;
				SWIFT_VERSION = 5.0;
				TARGETED_DEVICE_FAMILY = "1,2";
				TEST_TARGET_NAME = booksta;
			};
			name = Release;
		};
/* End XCBuildConfiguration section */

/* Begin XCConfigurationList section */
		72B2C8FD27C00A7500554C72 /* Build configuration list for PBXProject "booksta" */ = {
			isa = XCConfigurationList;
			buildConfigurations = (
				72B2C92D27C00A7E00554C72 /* Debug */,
				72B2C92E27C00A7E00554C72 /* Release */,
			);
			defaultConfigurationIsVisible = 0;
			defaultConfigurationName = Release;
		};
		72B2C92F27C00A7E00554C72 /* Build configuration list for PBXNativeTarget "booksta" */ = {
			isa = XCConfigurationList;
			buildConfigurations = (
				72B2C93027C00A7E00554C72 /* Debug */,
				72B2C93127C00A7E00554C72 /* Release */,
			);
			defaultConfigurationIsVisible = 0;
			defaultConfigurationName = Release;
		};
		72B2C93227C00A7E00554C72 /* Build configuration list for PBXNativeTarget "bookstaTests" */ = {
			isa = XCConfigurationList;
			buildConfigurations = (
				72B2C93327C00A7E00554C72 /* Debug */,
				72B2C93427C00A7E00554C72 /* Release */,
			);
			defaultConfigurationIsVisible = 0;
			defaultConfigurationName = Release;
		};
		72B2C93527C00A7E00554C72 /* Build configuration list for PBXNativeTarget "bookstaUITests" */ = {
			isa = XCConfigurationList;
			buildConfigurations = (
				72B2C93627C00A7E00554C72 /* Debug */,
				72B2C93727C00A7E00554C72 /* Release */,
			);
			defaultConfigurationIsVisible = 0;
			defaultConfigurationName = Release;
		};
/* End XCConfigurationList section */

/* Begin XCVersionGroup section */
		72B2C90E27C00A7500554C72 /* booksta.xcdatamodeld */ = {
			isa = XCVersionGroup;
			children = (
				72B2C90F27C00A7500554C72 /* booksta.xcdatamodel */,
			);
			currentVersion = 72B2C90F27C00A7500554C72 /* booksta.xcdatamodel */;
			path = booksta.xcdatamodeld;
			sourceTree = "<group>";
			versionGroupType = wrapper.xcdatamodel;
		};
/* End XCVersionGroup section */
	};
	rootObject = 72B2C8FA27C00A7500554C72 /* Project object */;
}
